
Microsoft Visual Studio Solution File, Format Version 12.00
# Visual Studio 15
VisualStudioVersion = 15.0.27004.2006
MinimumVisualStudioVersion = 10.0.40219.1
Project("{FAE04EC0-301F-11D3-BF4B-00C04F79EFBC}") = "SubEtha.Site", "SubEtha.Site\SubEtha.Site.csproj", "{3A84EE17-2A8E-4E87-BFB9-EA621DD58EE8}"
EndProject
Project("{2150E333-8FDC-42A3-9474-1A3956D46DE8}") = "Thumb", "Thumb", "{3C7A3739-DFB0-4F98-9909-4FBD05A35E26}"
EndProject
Project("{2150E333-8FDC-42A3-9474-1A3956D46DE8}") = "SubEtha", "SubEtha", "{7F6A6246-D98E-484F-AE12-351FB37863FC}"
EndProject
Project("{FAE04EC0-301F-11D3-BF4B-00C04F79EFBC}") = "Thumb.Tray", "Thumb.Tray\Thumb.Tray.csproj", "{F6627F39-E61E-42C7-98C9-56B1B32FA439}"
EndProject
Project("{2150E333-8FDC-42A3-9474-1A3956D46DE8}") = "PlayerJournal", "PlayerJournal", "{B79142DD-2167-49CF-88CD-7E6A886F0B0F}"
EndProject
Project("{2150E333-8FDC-42A3-9474-1A3956D46DE8}") = "Solution Items", "Solution Items", "{F28FF1B3-4315-40DC-9976-807B4C86D84F}"
	ProjectSection(SolutionItems) = preProject
		build.cake = build.cake
		build.ps1 = build.ps1
	EndProjectSection
EndProject
Project("{9A19103F-16F7-4668-BE54-9A1E7A4F7556}") = "Howatworks.PlayerJournal.Parser", "Howatworks.PlayerJournal.Parser\Howatworks.PlayerJournal.Parser.csproj", "{F0ED9E22-04EE-49C6-98C9-BFC95FB42209}"
EndProject
Project("{9A19103F-16F7-4668-BE54-9A1E7A4F7556}") = "SubEtha.Core", "SubEtha.Core\SubEtha.Core.csproj", "{D45C6987-490D-4C29-B3D1-BB3562795C10}"
EndProject
Project("{9A19103F-16F7-4668-BE54-9A1E7A4F7556}") = "SubEtha.Domain", "SubEtha.Domain\SubEtha.Domain.csproj", "{2C3ADBF2-778B-4CAA-880E-ACF45565615B}"
EndProject
Project("{9A19103F-16F7-4668-BE54-9A1E7A4F7556}") = "Thumb.Plugin", "Thumb.Plugin\Thumb.Plugin.csproj", "{ED2E180F-82DF-4F5D-B4DE-6B24140C6B85}"
EndProject
Project("{9A19103F-16F7-4668-BE54-9A1E7A4F7556}") = "SubEtha.Service", "SubEtha.Service\SubEtha.Service.csproj", "{71A7B15E-2E86-4695-82BB-3D026C107F8E}"
EndProject
Project("{9A19103F-16F7-4668-BE54-9A1E7A4F7556}") = "Howatworks.PlayerJournal.Test", "Howatworks.PlayerJournal.Test\Howatworks.PlayerJournal.Test.csproj", "{7D0F61B9-38BD-43DC-AF92-336782C93C4F}"
EndProject
Project("{9A19103F-16F7-4668-BE54-9A1E7A4F7556}") = "Thumb.Plugin.SubEtha", "Thumb.Plugin.SubEtha\Thumb.Plugin.SubEtha.csproj", "{951D1323-6265-451A-A9CF-BF4F991C8D61}"
EndProject
Project("{9A19103F-16F7-4668-BE54-9A1E7A4F7556}") = "Thumb.Core", "Thumb.Core\Thumb.Core.csproj", "{0E35222F-41E9-4F59-9BDD-96DB9696AE08}"
EndProject
Project("{9A19103F-16F7-4668-BE54-9A1E7A4F7556}") = "Thumb.Console", "Thumb.Console\Thumb.Console.csproj", "{C207A0FB-F6D2-4ED9-BC6A-C5D4DC0356BB}"
EndProject
Project("{9A19103F-16F7-4668-BE54-9A1E7A4F7556}") = "Howatworks.PlayerJournal.Serialization", "Howatworks.PlayerJournal.Serialization\Howatworks.PlayerJournal.Serialization.csproj", "{5C10C865-5339-42E2-B152-2DAAF48F8801}"
EndProject
Project("{9A19103F-16F7-4668-BE54-9A1E7A4F7556}") = "Howatworks.PlayerJournal.Monitor", "Howatworks.PlayerJournal.Monitor\Howatworks.PlayerJournal.Monitor.csproj", "{4D2E7C4C-B0EB-4C95-A8FC-48023196594A}"
EndProject
Project("{9A19103F-16F7-4668-BE54-9A1E7A4F7556}") = "Thumb.Plugin.Controller", "Thumb.Plugin.Controller\Thumb.Plugin.Controller.csproj", "{B55FFA05-6211-4060-B5D3-73974049D8A3}"
EndProject
Project("{9A19103F-16F7-4668-BE54-9A1E7A4F7556}") = "Howatworks.EliteDangerous.Bindings", "Howatworks.EliteDangerous.Bindings\Howatworks.EliteDangerous.Bindings.csproj", "{A5B49EF1-8E01-4ECC-8DF2-3F24307946AF}"
EndProject
Project("{9A19103F-16F7-4668-BE54-9A1E7A4F7556}") = "Howatworks.EliteDangerous.Bindings.Test", "Howatworks.EliteDangerous.Bindings.Test\Howatworks.EliteDangerous.Bindings.Test.csproj", "{F8F0CB62-E0DD-46EC-9FDD-BD6EB7DDB787}"
EndProject
Project("{9A19103F-16F7-4668-BE54-9A1E7A4F7556}") = "Thumb.Plugin.Controller.Test", "Thumb.Plugin.Controller.Test\Thumb.Plugin.Controller.Test.csproj", "{8B50EB4B-C778-4170-BC34-711FE5FFDE95}"
EndProject
Project("{2150E333-8FDC-42A3-9474-1A3956D46DE8}") = "ThirdParty", "ThirdParty", "{28AFE659-D17C-435C-A237-75CF5845CC6F}"
EndProject
Project("{9A19103F-16F7-4668-BE54-9A1E7A4F7556}") = "InputSimulatorPlusPrototype", "Prototypes\InputSimulatorPlusPrototype\InputSimulatorPlusPrototype.csproj", "{89F1804A-48C6-4CAC-A93C-C58E6002A900}"
EndProject
Project("{2150E333-8FDC-42A3-9474-1A3956D46DE8}") = "Prototypes", "Prototypes", "{06D00426-0FDE-494B-8081-1A809E8AC356}"
EndProject
Project("{FAE04EC0-301F-11D3-BF4B-00C04F79EFBC}") = "InputPrototype", "Prototypes\InputPrototype\InputPrototype.csproj", "{731367D2-C16C-4636-A49A-923AF5ACE5DF}"
EndProject
Project("{2150E333-8FDC-42A3-9474-1A3956D46DE8}") = "Controller", "Controller", "{73B3BCC8-236B-4B36-AD60-E46455AEB763}"
EndProject
Global
	GlobalSection(SolutionConfigurationPlatforms) = preSolution
		CoreDebug|Any CPU = CoreDebug|Any CPU
		CoreRelease|Any CPU = CoreRelease|Any CPU
		Debug|Any CPU = Debug|Any CPU
		Release|Any CPU = Release|Any CPU
	EndGlobalSection
	GlobalSection(ProjectConfigurationPlatforms) = postSolution
		{3A84EE17-2A8E-4E87-BFB9-EA621DD58EE8}.CoreDebug|Any CPU.ActiveCfg = CoreDebug|Any CPU
		{3A84EE17-2A8E-4E87-BFB9-EA621DD58EE8}.CoreRelease|Any CPU.ActiveCfg = CoreRelease|Any CPU
		{3A84EE17-2A8E-4E87-BFB9-EA621DD58EE8}.Debug|Any CPU.ActiveCfg = Debug|Any CPU
		{3A84EE17-2A8E-4E87-BFB9-EA621DD58EE8}.Debug|Any CPU.Build.0 = Debug|Any CPU
		{3A84EE17-2A8E-4E87-BFB9-EA621DD58EE8}.Release|Any CPU.ActiveCfg = Release|Any CPU
		{3A84EE17-2A8E-4E87-BFB9-EA621DD58EE8}.Release|Any CPU.Build.0 = Release|Any CPU
		{F6627F39-E61E-42C7-98C9-56B1B32FA439}.CoreDebug|Any CPU.ActiveCfg = CoreDebug|Any CPU
		{F6627F39-E61E-42C7-98C9-56B1B32FA439}.CoreRelease|Any CPU.ActiveCfg = CoreRelease|Any CPU
		{F6627F39-E61E-42C7-98C9-56B1B32FA439}.Debug|Any CPU.ActiveCfg = Debug|Any CPU
		{F6627F39-E61E-42C7-98C9-56B1B32FA439}.Debug|Any CPU.Build.0 = Debug|Any CPU
		{F6627F39-E61E-42C7-98C9-56B1B32FA439}.Release|Any CPU.ActiveCfg = Release|Any CPU
		{F6627F39-E61E-42C7-98C9-56B1B32FA439}.Release|Any CPU.Build.0 = Release|Any CPU
		{F0ED9E22-04EE-49C6-98C9-BFC95FB42209}.CoreDebug|Any CPU.ActiveCfg = CoreDebug|Any CPU
		{F0ED9E22-04EE-49C6-98C9-BFC95FB42209}.CoreDebug|Any CPU.Build.0 = CoreDebug|Any CPU
		{F0ED9E22-04EE-49C6-98C9-BFC95FB42209}.CoreRelease|Any CPU.ActiveCfg = CoreRelease|Any CPU
		{F0ED9E22-04EE-49C6-98C9-BFC95FB42209}.CoreRelease|Any CPU.Build.0 = CoreRelease|Any CPU
		{F0ED9E22-04EE-49C6-98C9-BFC95FB42209}.Debug|Any CPU.ActiveCfg = Debug|Any CPU
		{F0ED9E22-04EE-49C6-98C9-BFC95FB42209}.Debug|Any CPU.Build.0 = Debug|Any CPU
		{F0ED9E22-04EE-49C6-98C9-BFC95FB42209}.Release|Any CPU.ActiveCfg = Release|Any CPU
		{F0ED9E22-04EE-49C6-98C9-BFC95FB42209}.Release|Any CPU.Build.0 = Release|Any CPU
		{D45C6987-490D-4C29-B3D1-BB3562795C10}.CoreDebug|Any CPU.ActiveCfg = CoreDebug|Any CPU
		{D45C6987-490D-4C29-B3D1-BB3562795C10}.CoreDebug|Any CPU.Build.0 = CoreDebug|Any CPU
		{D45C6987-490D-4C29-B3D1-BB3562795C10}.CoreRelease|Any CPU.ActiveCfg = CoreRelease|Any CPU
		{D45C6987-490D-4C29-B3D1-BB3562795C10}.CoreRelease|Any CPU.Build.0 = CoreRelease|Any CPU
		{D45C6987-490D-4C29-B3D1-BB3562795C10}.Debug|Any CPU.ActiveCfg = Debug|Any CPU
		{D45C6987-490D-4C29-B3D1-BB3562795C10}.Debug|Any CPU.Build.0 = Debug|Any CPU
		{D45C6987-490D-4C29-B3D1-BB3562795C10}.Release|Any CPU.ActiveCfg = Release|Any CPU
		{D45C6987-490D-4C29-B3D1-BB3562795C10}.Release|Any CPU.Build.0 = Release|Any CPU
		{2C3ADBF2-778B-4CAA-880E-ACF45565615B}.CoreDebug|Any CPU.ActiveCfg = CoreDebug|Any CPU
		{2C3ADBF2-778B-4CAA-880E-ACF45565615B}.CoreDebug|Any CPU.Build.0 = CoreDebug|Any CPU
		{2C3ADBF2-778B-4CAA-880E-ACF45565615B}.CoreRelease|Any CPU.ActiveCfg = CoreRelease|Any CPU
		{2C3ADBF2-778B-4CAA-880E-ACF45565615B}.CoreRelease|Any CPU.Build.0 = CoreRelease|Any CPU
		{2C3ADBF2-778B-4CAA-880E-ACF45565615B}.Debug|Any CPU.ActiveCfg = Debug|Any CPU
		{2C3ADBF2-778B-4CAA-880E-ACF45565615B}.Debug|Any CPU.Build.0 = Debug|Any CPU
		{2C3ADBF2-778B-4CAA-880E-ACF45565615B}.Release|Any CPU.ActiveCfg = Release|Any CPU
		{2C3ADBF2-778B-4CAA-880E-ACF45565615B}.Release|Any CPU.Build.0 = Release|Any CPU
		{ED2E180F-82DF-4F5D-B4DE-6B24140C6B85}.CoreDebug|Any CPU.ActiveCfg = CoreDebug|Any CPU
		{ED2E180F-82DF-4F5D-B4DE-6B24140C6B85}.CoreDebug|Any CPU.Build.0 = CoreDebug|Any CPU
		{ED2E180F-82DF-4F5D-B4DE-6B24140C6B85}.CoreRelease|Any CPU.ActiveCfg = CoreRelease|Any CPU
		{ED2E180F-82DF-4F5D-B4DE-6B24140C6B85}.CoreRelease|Any CPU.Build.0 = CoreRelease|Any CPU
		{ED2E180F-82DF-4F5D-B4DE-6B24140C6B85}.Debug|Any CPU.ActiveCfg = Debug|Any CPU
		{ED2E180F-82DF-4F5D-B4DE-6B24140C6B85}.Debug|Any CPU.Build.0 = Debug|Any CPU
		{ED2E180F-82DF-4F5D-B4DE-6B24140C6B85}.Release|Any CPU.ActiveCfg = Release|Any CPU
		{ED2E180F-82DF-4F5D-B4DE-6B24140C6B85}.Release|Any CPU.Build.0 = Release|Any CPU
		{71A7B15E-2E86-4695-82BB-3D026C107F8E}.CoreDebug|Any CPU.ActiveCfg = CoreDebug|Any CPU
		{71A7B15E-2E86-4695-82BB-3D026C107F8E}.CoreDebug|Any CPU.Build.0 = CoreDebug|Any CPU
		{71A7B15E-2E86-4695-82BB-3D026C107F8E}.CoreRelease|Any CPU.ActiveCfg = CoreRelease|Any CPU
		{71A7B15E-2E86-4695-82BB-3D026C107F8E}.CoreRelease|Any CPU.Build.0 = CoreRelease|Any CPU
		{71A7B15E-2E86-4695-82BB-3D026C107F8E}.Debug|Any CPU.ActiveCfg = Debug|Any CPU
		{71A7B15E-2E86-4695-82BB-3D026C107F8E}.Debug|Any CPU.Build.0 = Debug|Any CPU
		{71A7B15E-2E86-4695-82BB-3D026C107F8E}.Release|Any CPU.ActiveCfg = Release|Any CPU
		{71A7B15E-2E86-4695-82BB-3D026C107F8E}.Release|Any CPU.Build.0 = Release|Any CPU
		{7D0F61B9-38BD-43DC-AF92-336782C93C4F}.CoreDebug|Any CPU.ActiveCfg = CoreDebug|Any CPU
		{7D0F61B9-38BD-43DC-AF92-336782C93C4F}.CoreDebug|Any CPU.Build.0 = CoreDebug|Any CPU
		{7D0F61B9-38BD-43DC-AF92-336782C93C4F}.CoreRelease|Any CPU.ActiveCfg = CoreRelease|Any CPU
		{7D0F61B9-38BD-43DC-AF92-336782C93C4F}.CoreRelease|Any CPU.Build.0 = CoreRelease|Any CPU
		{7D0F61B9-38BD-43DC-AF92-336782C93C4F}.Debug|Any CPU.ActiveCfg = Debug|Any CPU
		{7D0F61B9-38BD-43DC-AF92-336782C93C4F}.Debug|Any CPU.Build.0 = Debug|Any CPU
		{7D0F61B9-38BD-43DC-AF92-336782C93C4F}.Release|Any CPU.ActiveCfg = Release|Any CPU
		{7D0F61B9-38BD-43DC-AF92-336782C93C4F}.Release|Any CPU.Build.0 = Release|Any CPU
		{951D1323-6265-451A-A9CF-BF4F991C8D61}.CoreDebug|Any CPU.ActiveCfg = CoreDebug|Any CPU
		{951D1323-6265-451A-A9CF-BF4F991C8D61}.CoreDebug|Any CPU.Build.0 = CoreDebug|Any CPU
		{951D1323-6265-451A-A9CF-BF4F991C8D61}.CoreRelease|Any CPU.ActiveCfg = CoreRelease|Any CPU
		{951D1323-6265-451A-A9CF-BF4F991C8D61}.CoreRelease|Any CPU.Build.0 = CoreRelease|Any CPU
		{951D1323-6265-451A-A9CF-BF4F991C8D61}.Debug|Any CPU.ActiveCfg = Debug|Any CPU
		{951D1323-6265-451A-A9CF-BF4F991C8D61}.Debug|Any CPU.Build.0 = Debug|Any CPU
		{951D1323-6265-451A-A9CF-BF4F991C8D61}.Release|Any CPU.ActiveCfg = Release|Any CPU
		{951D1323-6265-451A-A9CF-BF4F991C8D61}.Release|Any CPU.Build.0 = Release|Any CPU
		{0E35222F-41E9-4F59-9BDD-96DB9696AE08}.CoreDebug|Any CPU.ActiveCfg = CoreDebug|Any CPU
		{0E35222F-41E9-4F59-9BDD-96DB9696AE08}.CoreDebug|Any CPU.Build.0 = CoreDebug|Any CPU
		{0E35222F-41E9-4F59-9BDD-96DB9696AE08}.CoreRelease|Any CPU.ActiveCfg = CoreRelease|Any CPU
		{0E35222F-41E9-4F59-9BDD-96DB9696AE08}.CoreRelease|Any CPU.Build.0 = CoreRelease|Any CPU
		{0E35222F-41E9-4F59-9BDD-96DB9696AE08}.Debug|Any CPU.ActiveCfg = Debug|Any CPU
		{0E35222F-41E9-4F59-9BDD-96DB9696AE08}.Debug|Any CPU.Build.0 = Debug|Any CPU
		{0E35222F-41E9-4F59-9BDD-96DB9696AE08}.Release|Any CPU.ActiveCfg = Release|Any CPU
		{0E35222F-41E9-4F59-9BDD-96DB9696AE08}.Release|Any CPU.Build.0 = Release|Any CPU
		{C207A0FB-F6D2-4ED9-BC6A-C5D4DC0356BB}.CoreDebug|Any CPU.ActiveCfg = CoreDebug|Any CPU
		{C207A0FB-F6D2-4ED9-BC6A-C5D4DC0356BB}.CoreDebug|Any CPU.Build.0 = CoreDebug|Any CPU
		{C207A0FB-F6D2-4ED9-BC6A-C5D4DC0356BB}.CoreRelease|Any CPU.ActiveCfg = CoreRelease|Any CPU
		{C207A0FB-F6D2-4ED9-BC6A-C5D4DC0356BB}.CoreRelease|Any CPU.Build.0 = CoreRelease|Any CPU
		{C207A0FB-F6D2-4ED9-BC6A-C5D4DC0356BB}.Debug|Any CPU.ActiveCfg = Debug|Any CPU
		{C207A0FB-F6D2-4ED9-BC6A-C5D4DC0356BB}.Debug|Any CPU.Build.0 = Debug|Any CPU
		{C207A0FB-F6D2-4ED9-BC6A-C5D4DC0356BB}.Release|Any CPU.ActiveCfg = Release|Any CPU
		{C207A0FB-F6D2-4ED9-BC6A-C5D4DC0356BB}.Release|Any CPU.Build.0 = Release|Any CPU
		{5C10C865-5339-42E2-B152-2DAAF48F8801}.CoreDebug|Any CPU.ActiveCfg = CoreDebug|Any CPU
		{5C10C865-5339-42E2-B152-2DAAF48F8801}.CoreDebug|Any CPU.Build.0 = CoreDebug|Any CPU
		{5C10C865-5339-42E2-B152-2DAAF48F8801}.CoreRelease|Any CPU.ActiveCfg = CoreRelease|Any CPU
		{5C10C865-5339-42E2-B152-2DAAF48F8801}.CoreRelease|Any CPU.Build.0 = CoreRelease|Any CPU
		{5C10C865-5339-42E2-B152-2DAAF48F8801}.Debug|Any CPU.ActiveCfg = Debug|Any CPU
		{5C10C865-5339-42E2-B152-2DAAF48F8801}.Debug|Any CPU.Build.0 = Debug|Any CPU
		{5C10C865-5339-42E2-B152-2DAAF48F8801}.Release|Any CPU.ActiveCfg = Release|Any CPU
		{5C10C865-5339-42E2-B152-2DAAF48F8801}.Release|Any CPU.Build.0 = Release|Any CPU
		{4D2E7C4C-B0EB-4C95-A8FC-48023196594A}.CoreDebug|Any CPU.ActiveCfg = Debug|Any CPU
		{4D2E7C4C-B0EB-4C95-A8FC-48023196594A}.CoreDebug|Any CPU.Build.0 = Debug|Any CPU
		{4D2E7C4C-B0EB-4C95-A8FC-48023196594A}.CoreRelease|Any CPU.ActiveCfg = Release|Any CPU
		{4D2E7C4C-B0EB-4C95-A8FC-48023196594A}.CoreRelease|Any CPU.Build.0 = Release|Any CPU
		{4D2E7C4C-B0EB-4C95-A8FC-48023196594A}.Debug|Any CPU.ActiveCfg = Debug|Any CPU
		{4D2E7C4C-B0EB-4C95-A8FC-48023196594A}.Debug|Any CPU.Build.0 = Debug|Any CPU
		{4D2E7C4C-B0EB-4C95-A8FC-48023196594A}.Release|Any CPU.ActiveCfg = Release|Any CPU
		{4D2E7C4C-B0EB-4C95-A8FC-48023196594A}.Release|Any CPU.Build.0 = Release|Any CPU
		{B55FFA05-6211-4060-B5D3-73974049D8A3}.CoreDebug|Any CPU.ActiveCfg = Debug|Any CPU
		{B55FFA05-6211-4060-B5D3-73974049D8A3}.CoreDebug|Any CPU.Build.0 = Debug|Any CPU
		{B55FFA05-6211-4060-B5D3-73974049D8A3}.CoreRelease|Any CPU.ActiveCfg = Release|Any CPU
		{B55FFA05-6211-4060-B5D3-73974049D8A3}.CoreRelease|Any CPU.Build.0 = Release|Any CPU
		{B55FFA05-6211-4060-B5D3-73974049D8A3}.Debug|Any CPU.ActiveCfg = Debug|Any CPU
		{B55FFA05-6211-4060-B5D3-73974049D8A3}.Debug|Any CPU.Build.0 = Debug|Any CPU
		{B55FFA05-6211-4060-B5D3-73974049D8A3}.Release|Any CPU.ActiveCfg = Release|Any CPU
		{B55FFA05-6211-4060-B5D3-73974049D8A3}.Release|Any CPU.Build.0 = Release|Any CPU
		{A5B49EF1-8E01-4ECC-8DF2-3F24307946AF}.CoreDebug|Any CPU.ActiveCfg = Debug|Any CPU
		{A5B49EF1-8E01-4ECC-8DF2-3F24307946AF}.CoreDebug|Any CPU.Build.0 = Debug|Any CPU
		{A5B49EF1-8E01-4ECC-8DF2-3F24307946AF}.CoreRelease|Any CPU.ActiveCfg = Release|Any CPU
		{A5B49EF1-8E01-4ECC-8DF2-3F24307946AF}.CoreRelease|Any CPU.Build.0 = Release|Any CPU
		{A5B49EF1-8E01-4ECC-8DF2-3F24307946AF}.Debug|Any CPU.ActiveCfg = Debug|Any CPU
		{A5B49EF1-8E01-4ECC-8DF2-3F24307946AF}.Debug|Any CPU.Build.0 = Debug|Any CPU
		{A5B49EF1-8E01-4ECC-8DF2-3F24307946AF}.Release|Any CPU.ActiveCfg = Release|Any CPU
		{A5B49EF1-8E01-4ECC-8DF2-3F24307946AF}.Release|Any CPU.Build.0 = Release|Any CPU
		{F8F0CB62-E0DD-46EC-9FDD-BD6EB7DDB787}.CoreDebug|Any CPU.ActiveCfg = Debug|Any CPU
		{F8F0CB62-E0DD-46EC-9FDD-BD6EB7DDB787}.CoreDebug|Any CPU.Build.0 = Debug|Any CPU
		{F8F0CB62-E0DD-46EC-9FDD-BD6EB7DDB787}.CoreRelease|Any CPU.ActiveCfg = Release|Any CPU
		{F8F0CB62-E0DD-46EC-9FDD-BD6EB7DDB787}.CoreRelease|Any CPU.Build.0 = Release|Any CPU
		{F8F0CB62-E0DD-46EC-9FDD-BD6EB7DDB787}.Debug|Any CPU.ActiveCfg = Debug|Any CPU
		{F8F0CB62-E0DD-46EC-9FDD-BD6EB7DDB787}.Debug|Any CPU.Build.0 = Debug|Any CPU
		{F8F0CB62-E0DD-46EC-9FDD-BD6EB7DDB787}.Release|Any CPU.ActiveCfg = Release|Any CPU
		{F8F0CB62-E0DD-46EC-9FDD-BD6EB7DDB787}.Release|Any CPU.Build.0 = Release|Any CPU
		{8B50EB4B-C778-4170-BC34-711FE5FFDE95}.CoreDebug|Any CPU.ActiveCfg = Debug|Any CPU
		{8B50EB4B-C778-4170-BC34-711FE5FFDE95}.CoreDebug|Any CPU.Build.0 = Debug|Any CPU
		{8B50EB4B-C778-4170-BC34-711FE5FFDE95}.CoreRelease|Any CPU.ActiveCfg = Release|Any CPU
		{8B50EB4B-C778-4170-BC34-711FE5FFDE95}.CoreRelease|Any CPU.Build.0 = Release|Any CPU
		{8B50EB4B-C778-4170-BC34-711FE5FFDE95}.Debug|Any CPU.ActiveCfg = Debug|Any CPU
		{8B50EB4B-C778-4170-BC34-711FE5FFDE95}.Debug|Any CPU.Build.0 = Debug|Any CPU
		{8B50EB4B-C778-4170-BC34-711FE5FFDE95}.Release|Any CPU.ActiveCfg = Release|Any CPU
		{8B50EB4B-C778-4170-BC34-711FE5FFDE95}.Release|Any CPU.Build.0 = Release|Any CPU
		{89F1804A-48C6-4CAC-A93C-C58E6002A900}.CoreDebug|Any CPU.ActiveCfg = Debug|Any CPU
		{89F1804A-48C6-4CAC-A93C-C58E6002A900}.CoreDebug|Any CPU.Build.0 = Debug|Any CPU
		{89F1804A-48C6-4CAC-A93C-C58E6002A900}.CoreRelease|Any CPU.ActiveCfg = Release|Any CPU
		{89F1804A-48C6-4CAC-A93C-C58E6002A900}.CoreRelease|Any CPU.Build.0 = Release|Any CPU
		{89F1804A-48C6-4CAC-A93C-C58E6002A900}.Debug|Any CPU.ActiveCfg = Debug|Any CPU
		{89F1804A-48C6-4CAC-A93C-C58E6002A900}.Debug|Any CPU.Build.0 = Debug|Any CPU
		{89F1804A-48C6-4CAC-A93C-C58E6002A900}.Release|Any CPU.ActiveCfg = Release|Any CPU
		{89F1804A-48C6-4CAC-A93C-C58E6002A900}.Release|Any CPU.Build.0 = Release|Any CPU
		{731367D2-C16C-4636-A49A-923AF5ACE5DF}.CoreDebug|Any CPU.ActiveCfg = Debug|Any CPU
		{731367D2-C16C-4636-A49A-923AF5ACE5DF}.CoreDebug|Any CPU.Build.0 = Debug|Any CPU
		{731367D2-C16C-4636-A49A-923AF5ACE5DF}.CoreRelease|Any CPU.ActiveCfg = Release|Any CPU
		{731367D2-C16C-4636-A49A-923AF5ACE5DF}.CoreRelease|Any CPU.Build.0 = Release|Any CPU
		{731367D2-C16C-4636-A49A-923AF5ACE5DF}.Debug|Any CPU.ActiveCfg = Debug|Any CPU
		{731367D2-C16C-4636-A49A-923AF5ACE5DF}.Debug|Any CPU.Build.0 = Debug|Any CPU
		{731367D2-C16C-4636-A49A-923AF5ACE5DF}.Release|Any CPU.ActiveCfg = Release|Any CPU
		{731367D2-C16C-4636-A49A-923AF5ACE5DF}.Release|Any CPU.Build.0 = Release|Any CPU
	EndGlobalSection
	GlobalSection(SolutionProperties) = preSolution
		HideSolutionNode = FALSE
	EndGlobalSection
	GlobalSection(NestedProjects) = preSolution
		{3A84EE17-2A8E-4E87-BFB9-EA621DD58EE8} = {7F6A6246-D98E-484F-AE12-351FB37863FC}
		{F6627F39-E61E-42C7-98C9-56B1B32FA439} = {3C7A3739-DFB0-4F98-9909-4FBD05A35E26}
		{F0ED9E22-04EE-49C6-98C9-BFC95FB42209} = {B79142DD-2167-49CF-88CD-7E6A886F0B0F}
		{D45C6987-490D-4C29-B3D1-BB3562795C10} = {7F6A6246-D98E-484F-AE12-351FB37863FC}
		{2C3ADBF2-778B-4CAA-880E-ACF45565615B} = {7F6A6246-D98E-484F-AE12-351FB37863FC}
		{ED2E180F-82DF-4F5D-B4DE-6B24140C6B85} = {3C7A3739-DFB0-4F98-9909-4FBD05A35E26}
		{71A7B15E-2E86-4695-82BB-3D026C107F8E} = {7F6A6246-D98E-484F-AE12-351FB37863FC}
		{7D0F61B9-38BD-43DC-AF92-336782C93C4F} = {B79142DD-2167-49CF-88CD-7E6A886F0B0F}
		{951D1323-6265-451A-A9CF-BF4F991C8D61} = {7F6A6246-D98E-484F-AE12-351FB37863FC}
		{0E35222F-41E9-4F59-9BDD-96DB9696AE08} = {3C7A3739-DFB0-4F98-9909-4FBD05A35E26}
		{C207A0FB-F6D2-4ED9-BC6A-C5D4DC0356BB} = {3C7A3739-DFB0-4F98-9909-4FBD05A35E26}
		{5C10C865-5339-42E2-B152-2DAAF48F8801} = {B79142DD-2167-49CF-88CD-7E6A886F0B0F}
		{4D2E7C4C-B0EB-4C95-A8FC-48023196594A} = {B79142DD-2167-49CF-88CD-7E6A886F0B0F}
		{B55FFA05-6211-4060-B5D3-73974049D8A3} = {73B3BCC8-236B-4B36-AD60-E46455AEB763}
		{A5B49EF1-8E01-4ECC-8DF2-3F24307946AF} = {B79142DD-2167-49CF-88CD-7E6A886F0B0F}
		{F8F0CB62-E0DD-46EC-9FDD-BD6EB7DDB787} = {B79142DD-2167-49CF-88CD-7E6A886F0B0F}
		{8B50EB4B-C778-4170-BC34-711FE5FFDE95} = {73B3BCC8-236B-4B36-AD60-E46455AEB763}
		{89F1804A-48C6-4CAC-A93C-C58E6002A900} = {06D00426-0FDE-494B-8081-1A809E8AC356}
		{731367D2-C16C-4636-A49A-923AF5ACE5DF} = {06D00426-0FDE-494B-8081-1A809E8AC356}
	EndGlobalSection
	GlobalSection(ExtensibilityGlobals) = postSolution
		SolutionGuid = {83C552C3-FA11-4510-8F9F-B6BC1641E4A2}
	EndGlobalSection
EndGlobal
