
Microsoft Visual Studio Solution File, Format Version 12.00
# Visual Studio Version 16
VisualStudioVersion = 16.0.29709.97
MinimumVisualStudioVersion = 10.0.40219.1
Project("{2150E333-8FDC-42A3-9474-1A3956D46DE8}") = "Thumb", "Thumb", "{3C7A3739-DFB0-4F98-9909-4FBD05A35E26}"
EndProject
Project("{2150E333-8FDC-42A3-9474-1A3956D46DE8}") = "Matrix", "Matrix", "{7F6A6246-D98E-484F-AE12-351FB37863FC}"
EndProject
Project("{9A19103F-16F7-4668-BE54-9A1E7A4F7556}") = "Howatworks.Matrix.Domain", "Matrix\Howatworks.Matrix.Domain\Howatworks.Matrix.Domain.csproj", "{642E2923-C715-4D5C-A8E1-C2BF1B1568E5}"
EndProject
Project("{9A19103F-16F7-4668-BE54-9A1E7A4F7556}") = "Howatworks.Matrix.EntityFramework", "Matrix\Howatworks.Matrix.EntityFramework\Howatworks.Matrix.EntityFramework.csproj", "{DD3E3596-5DAB-4D70-ABDC-5F9024787EBC}"
EndProject
Project("{9A19103F-16F7-4668-BE54-9A1E7A4F7556}") = "Howatworks.Matrix.Site", "Matrix\Howatworks.Matrix.Site\Howatworks.Matrix.Site.csproj", "{D5999CFF-6FDF-4F11-B9A1-BB967D08D92C}"
EndProject
Project("{9A19103F-16F7-4668-BE54-9A1E7A4F7556}") = "Howatworks.Thumb.Console", "Thumb\Howatworks.Thumb.Console\Howatworks.Thumb.Console.csproj", "{FB3E3B1F-8128-4397-8A8E-91166DB5DFA8}"
EndProject
Project("{9A19103F-16F7-4668-BE54-9A1E7A4F7556}") = "Howatworks.Thumb.Core", "Thumb\Howatworks.Thumb.Core\Howatworks.Thumb.Core.csproj", "{295FD37D-3673-4AC9-A7B9-395E58BA2B48}"
EndProject
Project("{9A19103F-16F7-4668-BE54-9A1E7A4F7556}") = "Howatworks.Thumb.Wpf", "Thumb\Howatworks.Thumb.Wpf\Howatworks.Thumb.Wpf.csproj", "{5BD6D7D4-41D9-493E-A729-717C64161655}"
EndProject
Project("{9A19103F-16F7-4668-BE54-9A1E7A4F7556}") = "Howatworks.Matrix.Domain.Test", "Matrix\Howatworks.Matrix.Domain.Test\Howatworks.Matrix.Domain.Test.csproj", "{C48332B9-13D9-4B84-97B8-099F126923FA}"
EndProject
Project("{2150E333-8FDC-42A3-9474-1A3956D46DE8}") = "Assistant", "Assistant", "{A585C2C3-D4F0-487F-8B65-0EA6ABC3DB82}"
EndProject
Project("{9A19103F-16F7-4668-BE54-9A1E7A4F7556}") = "Howatworks.Assistant.Console", "Assistant\Howatworks.Assistant.Console\Howatworks.Assistant.Console.csproj", "{EEF5C505-A576-4581-A4DD-35E25C2C11CD}"
EndProject
Project("{9A19103F-16F7-4668-BE54-9A1E7A4F7556}") = "Howatworks.Assistant.Core", "Assistant\Howatworks.Assistant.Core\Howatworks.Assistant.Core.csproj", "{B38EA59E-3390-46CC-81FC-21646E086228}"
EndProject
Project("{9A19103F-16F7-4668-BE54-9A1E7A4F7556}") = "Howatworks.Assistant.Core.Test", "Assistant\Howatworks.Assistant.Core.Test\Howatworks.Assistant.Core.Test.csproj", "{F202D78B-2D39-4E3C-A471-EBE2504D103D}"
EndProject
Project("{9A19103F-16F7-4668-BE54-9A1E7A4F7556}") = "Howatworks.Assistant.Installer", "Assistant\Howatworks.Assistant.Installer\Howatworks.Assistant.Installer.csproj", "{082C244E-1333-42ED-B778-4C03688E612A}"
	ProjectSection(ProjectDependencies) = postProject
		{EEF5C505-A576-4581-A4DD-35E25C2C11CD} = {EEF5C505-A576-4581-A4DD-35E25C2C11CD}
		{BA4B53D4-9029-4A2B-87A4-FD02CCF200F4} = {BA4B53D4-9029-4A2B-87A4-FD02CCF200F4}
	EndProjectSection
EndProject
Project("{9A19103F-16F7-4668-BE54-9A1E7A4F7556}") = "Howatworks.Assistant.Wpf", "Assistant\Howatworks.Assistant.Wpf\Howatworks.Assistant.Wpf.csproj", "{BA4B53D4-9029-4A2B-87A4-FD02CCF200F4}"
EndProject
Project("{9A19103F-16F7-4668-BE54-9A1E7A4F7556}") = "Howatworks.Matrix.Data", "Matrix\Howatworks.Matrix.Data\Howatworks.Matrix.Data.csproj", "{AD3809A0-431F-40A7-8D84-A986B17F678F}"
EndProject
Project("{9A19103F-16F7-4668-BE54-9A1E7A4F7556}") = "Howatworks.Matrix.Console", "Matrix\Howatworks.Matrix.Console\Howatworks.Matrix.Console.csproj", "{B56A458A-E62B-427E-85A2-BAB5183B6CB9}"
EndProject
Project("{9A19103F-16F7-4668-BE54-9A1E7A4F7556}") = "Howatworks.Matrix.Core", "Matrix\Howatworks.Matrix.Core\Howatworks.Matrix.Core.csproj", "{BE876870-A0B5-46AF-ABD6-A31D111FFE21}"
EndProject
Project("{9A19103F-16F7-4668-BE54-9A1E7A4F7556}") = "Howatworks.Matrix.Installer", "Matrix\Howatworks.Matrix.Installer\Howatworks.Matrix.Installer.csproj", "{23BB22CF-416D-4A91-95B5-D64E2EF00064}"
	ProjectSection(ProjectDependencies) = postProject
		{B56A458A-E62B-427E-85A2-BAB5183B6CB9} = {B56A458A-E62B-427E-85A2-BAB5183B6CB9}
		{5644C6C2-D928-4672-BC83-D6421B8D2A82} = {5644C6C2-D928-4672-BC83-D6421B8D2A82}
	EndProjectSection
EndProject
Project("{9A19103F-16F7-4668-BE54-9A1E7A4F7556}") = "Howatworks.Matrix.Wpf", "Matrix\Howatworks.Matrix.Wpf\Howatworks.Matrix.Wpf.csproj", "{5644C6C2-D928-4672-BC83-D6421B8D2A82}"
EndProject
Project("{9A19103F-16F7-4668-BE54-9A1E7A4F7556}") = "Howatworks.Assistant.WebSockets", "Assistant\Howatworks.Assistant.WebSockets\Howatworks.Assistant.WebSockets.csproj", "{67A14EF3-01A7-42B5-B3BF-A79EF89310D1}"
EndProject
Project("{9A19103F-16F7-4668-BE54-9A1E7A4F7556}") = "Howatworks.Thumb.WebSockets", "Thumb\Howatworks.Thumb.WebSockets\Howatworks.Thumb.WebSockets.csproj", "{B3CF7EDB-F5A8-432D-9634-F44706DEDD4D}"
EndProject
Project("{9A19103F-16F7-4668-BE54-9A1E7A4F7556}") = "Howatworks.Assistant.WebSockets.Test", "Assistant\Howatworks.Assistant.WebSockets.Test\Howatworks.Assistant.WebSockets.Test.csproj", "{FC151E3B-1285-44D3-9E98-61DDBFED08CB}"
EndProject
Global
	GlobalSection(SolutionConfigurationPlatforms) = preSolution
		Debug|Any CPU = Debug|Any CPU
		Release|Any CPU = Release|Any CPU
	EndGlobalSection
	GlobalSection(ProjectConfigurationPlatforms) = postSolution
		{642E2923-C715-4D5C-A8E1-C2BF1B1568E5}.Debug|Any CPU.ActiveCfg = Debug|Any CPU
		{642E2923-C715-4D5C-A8E1-C2BF1B1568E5}.Debug|Any CPU.Build.0 = Debug|Any CPU
		{642E2923-C715-4D5C-A8E1-C2BF1B1568E5}.Release|Any CPU.ActiveCfg = Release|Any CPU
		{642E2923-C715-4D5C-A8E1-C2BF1B1568E5}.Release|Any CPU.Build.0 = Release|Any CPU
		{DD3E3596-5DAB-4D70-ABDC-5F9024787EBC}.Debug|Any CPU.ActiveCfg = Debug|Any CPU
		{DD3E3596-5DAB-4D70-ABDC-5F9024787EBC}.Debug|Any CPU.Build.0 = Debug|Any CPU
		{DD3E3596-5DAB-4D70-ABDC-5F9024787EBC}.Release|Any CPU.ActiveCfg = Release|Any CPU
		{DD3E3596-5DAB-4D70-ABDC-5F9024787EBC}.Release|Any CPU.Build.0 = Release|Any CPU
		{D5999CFF-6FDF-4F11-B9A1-BB967D08D92C}.Debug|Any CPU.ActiveCfg = Debug|Any CPU
		{D5999CFF-6FDF-4F11-B9A1-BB967D08D92C}.Debug|Any CPU.Build.0 = Debug|Any CPU
		{D5999CFF-6FDF-4F11-B9A1-BB967D08D92C}.Release|Any CPU.ActiveCfg = Release|Any CPU
		{D5999CFF-6FDF-4F11-B9A1-BB967D08D92C}.Release|Any CPU.Build.0 = Release|Any CPU
		{FB3E3B1F-8128-4397-8A8E-91166DB5DFA8}.Debug|Any CPU.ActiveCfg = Debug|Any CPU
		{FB3E3B1F-8128-4397-8A8E-91166DB5DFA8}.Debug|Any CPU.Build.0 = Debug|Any CPU
		{FB3E3B1F-8128-4397-8A8E-91166DB5DFA8}.Release|Any CPU.ActiveCfg = Release|Any CPU
		{FB3E3B1F-8128-4397-8A8E-91166DB5DFA8}.Release|Any CPU.Build.0 = Release|Any CPU
		{295FD37D-3673-4AC9-A7B9-395E58BA2B48}.Debug|Any CPU.ActiveCfg = Debug|Any CPU
		{295FD37D-3673-4AC9-A7B9-395E58BA2B48}.Debug|Any CPU.Build.0 = Debug|Any CPU
		{295FD37D-3673-4AC9-A7B9-395E58BA2B48}.Release|Any CPU.ActiveCfg = Release|Any CPU
		{295FD37D-3673-4AC9-A7B9-395E58BA2B48}.Release|Any CPU.Build.0 = Release|Any CPU
		{5BD6D7D4-41D9-493E-A729-717C64161655}.Debug|Any CPU.ActiveCfg = Debug|Any CPU
		{5BD6D7D4-41D9-493E-A729-717C64161655}.Debug|Any CPU.Build.0 = Debug|Any CPU
		{5BD6D7D4-41D9-493E-A729-717C64161655}.Release|Any CPU.ActiveCfg = Release|Any CPU
		{5BD6D7D4-41D9-493E-A729-717C64161655}.Release|Any CPU.Build.0 = Release|Any CPU
		{C48332B9-13D9-4B84-97B8-099F126923FA}.Debug|Any CPU.ActiveCfg = Debug|Any CPU
		{C48332B9-13D9-4B84-97B8-099F126923FA}.Debug|Any CPU.Build.0 = Debug|Any CPU
		{C48332B9-13D9-4B84-97B8-099F126923FA}.Release|Any CPU.ActiveCfg = Release|Any CPU
		{C48332B9-13D9-4B84-97B8-099F126923FA}.Release|Any CPU.Build.0 = Release|Any CPU
		{EEF5C505-A576-4581-A4DD-35E25C2C11CD}.Debug|Any CPU.ActiveCfg = Debug|Any CPU
		{EEF5C505-A576-4581-A4DD-35E25C2C11CD}.Debug|Any CPU.Build.0 = Debug|Any CPU
		{EEF5C505-A576-4581-A4DD-35E25C2C11CD}.Release|Any CPU.ActiveCfg = Release|Any CPU
		{EEF5C505-A576-4581-A4DD-35E25C2C11CD}.Release|Any CPU.Build.0 = Release|Any CPU
		{B38EA59E-3390-46CC-81FC-21646E086228}.Debug|Any CPU.ActiveCfg = Debug|Any CPU
		{B38EA59E-3390-46CC-81FC-21646E086228}.Debug|Any CPU.Build.0 = Debug|Any CPU
		{B38EA59E-3390-46CC-81FC-21646E086228}.Release|Any CPU.ActiveCfg = Release|Any CPU
		{B38EA59E-3390-46CC-81FC-21646E086228}.Release|Any CPU.Build.0 = Release|Any CPU
		{F202D78B-2D39-4E3C-A471-EBE2504D103D}.Debug|Any CPU.ActiveCfg = Debug|Any CPU
		{F202D78B-2D39-4E3C-A471-EBE2504D103D}.Debug|Any CPU.Build.0 = Debug|Any CPU
		{F202D78B-2D39-4E3C-A471-EBE2504D103D}.Release|Any CPU.ActiveCfg = Release|Any CPU
		{F202D78B-2D39-4E3C-A471-EBE2504D103D}.Release|Any CPU.Build.0 = Release|Any CPU
		{082C244E-1333-42ED-B778-4C03688E612A}.Debug|Any CPU.ActiveCfg = Debug|Any CPU
		{082C244E-1333-42ED-B778-4C03688E612A}.Release|Any CPU.ActiveCfg = Release|Any CPU
		{082C244E-1333-42ED-B778-4C03688E612A}.Release|Any CPU.Build.0 = Release|Any CPU
		{BA4B53D4-9029-4A2B-87A4-FD02CCF200F4}.Debug|Any CPU.ActiveCfg = Debug|Any CPU
		{BA4B53D4-9029-4A2B-87A4-FD02CCF200F4}.Debug|Any CPU.Build.0 = Debug|Any CPU
		{BA4B53D4-9029-4A2B-87A4-FD02CCF200F4}.Release|Any CPU.ActiveCfg = Release|Any CPU
		{BA4B53D4-9029-4A2B-87A4-FD02CCF200F4}.Release|Any CPU.Build.0 = Release|Any CPU
		{AD3809A0-431F-40A7-8D84-A986B17F678F}.Debug|Any CPU.ActiveCfg = Debug|Any CPU
		{AD3809A0-431F-40A7-8D84-A986B17F678F}.Debug|Any CPU.Build.0 = Debug|Any CPU
		{AD3809A0-431F-40A7-8D84-A986B17F678F}.Release|Any CPU.ActiveCfg = Release|Any CPU
		{AD3809A0-431F-40A7-8D84-A986B17F678F}.Release|Any CPU.Build.0 = Release|Any CPU
		{B56A458A-E62B-427E-85A2-BAB5183B6CB9}.Debug|Any CPU.ActiveCfg = Debug|Any CPU
		{B56A458A-E62B-427E-85A2-BAB5183B6CB9}.Debug|Any CPU.Build.0 = Debug|Any CPU
		{B56A458A-E62B-427E-85A2-BAB5183B6CB9}.Release|Any CPU.ActiveCfg = Release|Any CPU
		{B56A458A-E62B-427E-85A2-BAB5183B6CB9}.Release|Any CPU.Build.0 = Release|Any CPU
		{BE876870-A0B5-46AF-ABD6-A31D111FFE21}.Debug|Any CPU.ActiveCfg = Debug|Any CPU
		{BE876870-A0B5-46AF-ABD6-A31D111FFE21}.Debug|Any CPU.Build.0 = Debug|Any CPU
		{BE876870-A0B5-46AF-ABD6-A31D111FFE21}.Release|Any CPU.ActiveCfg = Release|Any CPU
		{BE876870-A0B5-46AF-ABD6-A31D111FFE21}.Release|Any CPU.Build.0 = Release|Any CPU
		{23BB22CF-416D-4A91-95B5-D64E2EF00064}.Debug|Any CPU.ActiveCfg = Debug|Any CPU
		{23BB22CF-416D-4A91-95B5-D64E2EF00064}.Debug|Any CPU.Build.0 = Debug|Any CPU
		{23BB22CF-416D-4A91-95B5-D64E2EF00064}.Release|Any CPU.ActiveCfg = Release|Any CPU
		{23BB22CF-416D-4A91-95B5-D64E2EF00064}.Release|Any CPU.Build.0 = Release|Any CPU
		{5644C6C2-D928-4672-BC83-D6421B8D2A82}.Debug|Any CPU.ActiveCfg = Debug|Any CPU
		{5644C6C2-D928-4672-BC83-D6421B8D2A82}.Debug|Any CPU.Build.0 = Debug|Any CPU
		{5644C6C2-D928-4672-BC83-D6421B8D2A82}.Release|Any CPU.ActiveCfg = Release|Any CPU
		{5644C6C2-D928-4672-BC83-D6421B8D2A82}.Release|Any CPU.Build.0 = Release|Any CPU
		{67A14EF3-01A7-42B5-B3BF-A79EF89310D1}.Debug|Any CPU.ActiveCfg = Debug|Any CPU
		{67A14EF3-01A7-42B5-B3BF-A79EF89310D1}.Debug|Any CPU.Build.0 = Debug|Any CPU
		{67A14EF3-01A7-42B5-B3BF-A79EF89310D1}.Release|Any CPU.ActiveCfg = Release|Any CPU
		{67A14EF3-01A7-42B5-B3BF-A79EF89310D1}.Release|Any CPU.Build.0 = Release|Any CPU
		{B3CF7EDB-F5A8-432D-9634-F44706DEDD4D}.Debug|Any CPU.ActiveCfg = Debug|Any CPU
		{B3CF7EDB-F5A8-432D-9634-F44706DEDD4D}.Debug|Any CPU.Build.0 = Debug|Any CPU
		{B3CF7EDB-F5A8-432D-9634-F44706DEDD4D}.Release|Any CPU.ActiveCfg = Release|Any CPU
		{B3CF7EDB-F5A8-432D-9634-F44706DEDD4D}.Release|Any CPU.Build.0 = Release|Any CPU
		{FC151E3B-1285-44D3-9E98-61DDBFED08CB}.Debug|Any CPU.ActiveCfg = Debug|Any CPU
		{FC151E3B-1285-44D3-9E98-61DDBFED08CB}.Debug|Any CPU.Build.0 = Debug|Any CPU
		{FC151E3B-1285-44D3-9E98-61DDBFED08CB}.Release|Any CPU.ActiveCfg = Release|Any CPU
		{FC151E3B-1285-44D3-9E98-61DDBFED08CB}.Release|Any CPU.Build.0 = Release|Any CPU
	EndGlobalSection
	GlobalSection(SolutionProperties) = preSolution
		HideSolutionNode = FALSE
	EndGlobalSection
	GlobalSection(NestedProjects) = preSolution
		{642E2923-C715-4D5C-A8E1-C2BF1B1568E5} = {7F6A6246-D98E-484F-AE12-351FB37863FC}
		{DD3E3596-5DAB-4D70-ABDC-5F9024787EBC} = {7F6A6246-D98E-484F-AE12-351FB37863FC}
		{D5999CFF-6FDF-4F11-B9A1-BB967D08D92C} = {7F6A6246-D98E-484F-AE12-351FB37863FC}
		{FB3E3B1F-8128-4397-8A8E-91166DB5DFA8} = {3C7A3739-DFB0-4F98-9909-4FBD05A35E26}
		{295FD37D-3673-4AC9-A7B9-395E58BA2B48} = {3C7A3739-DFB0-4F98-9909-4FBD05A35E26}
		{5BD6D7D4-41D9-493E-A729-717C64161655} = {3C7A3739-DFB0-4F98-9909-4FBD05A35E26}
		{C48332B9-13D9-4B84-97B8-099F126923FA} = {7F6A6246-D98E-484F-AE12-351FB37863FC}
		{EEF5C505-A576-4581-A4DD-35E25C2C11CD} = {A585C2C3-D4F0-487F-8B65-0EA6ABC3DB82}
		{B38EA59E-3390-46CC-81FC-21646E086228} = {A585C2C3-D4F0-487F-8B65-0EA6ABC3DB82}
		{F202D78B-2D39-4E3C-A471-EBE2504D103D} = {A585C2C3-D4F0-487F-8B65-0EA6ABC3DB82}
		{082C244E-1333-42ED-B778-4C03688E612A} = {A585C2C3-D4F0-487F-8B65-0EA6ABC3DB82}
		{BA4B53D4-9029-4A2B-87A4-FD02CCF200F4} = {A585C2C3-D4F0-487F-8B65-0EA6ABC3DB82}
		{AD3809A0-431F-40A7-8D84-A986B17F678F} = {7F6A6246-D98E-484F-AE12-351FB37863FC}
		{B56A458A-E62B-427E-85A2-BAB5183B6CB9} = {7F6A6246-D98E-484F-AE12-351FB37863FC}
		{BE876870-A0B5-46AF-ABD6-A31D111FFE21} = {7F6A6246-D98E-484F-AE12-351FB37863FC}
		{23BB22CF-416D-4A91-95B5-D64E2EF00064} = {7F6A6246-D98E-484F-AE12-351FB37863FC}
		{5644C6C2-D928-4672-BC83-D6421B8D2A82} = {7F6A6246-D98E-484F-AE12-351FB37863FC}
		{67A14EF3-01A7-42B5-B3BF-A79EF89310D1} = {A585C2C3-D4F0-487F-8B65-0EA6ABC3DB82}
		{B3CF7EDB-F5A8-432D-9634-F44706DEDD4D} = {3C7A3739-DFB0-4F98-9909-4FBD05A35E26}
		{FC151E3B-1285-44D3-9E98-61DDBFED08CB} = {A585C2C3-D4F0-487F-8B65-0EA6ABC3DB82}
	EndGlobalSection
	GlobalSection(ExtensibilityGlobals) = postSolution
		SolutionGuid = {83C552C3-FA11-4510-8F9F-B6BC1641E4A2}
	EndGlobalSection
EndGlobal
