
Microsoft Visual Studio Solution File, Format Version 12.00
# Visual Studio 15
VisualStudioVersion = 15.0.28307.645
MinimumVisualStudioVersion = 10.0.40219.1
Project("{2150E333-8FDC-42A3-9474-1A3956D46DE8}") = "Thumb", "Thumb", "{3C7A3739-DFB0-4F98-9909-4FBD05A35E26}"
EndProject
Project("{2150E333-8FDC-42A3-9474-1A3956D46DE8}") = "Matrix", "Matrix", "{7F6A6246-D98E-484F-AE12-351FB37863FC}"
EndProject
Project("{2150E333-8FDC-42A3-9474-1A3956D46DE8}") = "SubEtha", "SubEtha", "{B79142DD-2167-49CF-88CD-7E6A886F0B0F}"
EndProject
Project("{9A19103F-16F7-4668-BE54-9A1E7A4F7556}") = "Howatworks.SubEtha.Bindings", "Howatworks.SubEtha.Bindings\Howatworks.SubEtha.Bindings.csproj", "{B54C322E-15EB-465C-82A7-8D92759DB2F1}"
EndProject
Project("{9A19103F-16F7-4668-BE54-9A1E7A4F7556}") = "Howatworks.SubEtha.Bindings.Test", "Howatworks.SubEtha.Bindings.Test\Howatworks.SubEtha.Bindings.Test.csproj", "{48DB843F-DF61-40C1-8C8E-B4F0DA91C85A}"
EndProject
Project("{9A19103F-16F7-4668-BE54-9A1E7A4F7556}") = "Howatworks.SubEtha.Journal", "Howatworks.SubEtha.Journal\Howatworks.SubEtha.Journal.csproj", "{73E1E2D5-1099-4144-9648-92960F99F5C8}"
EndProject
Project("{9A19103F-16F7-4668-BE54-9A1E7A4F7556}") = "Howatworks.SubEtha.Journal.Test", "Howatworks.SubEtha.Journal.Test\Howatworks.SubEtha.Journal.Test.csproj", "{FF30BEF4-BD1E-4D20-AA6F-14CB3B8A5996}"
EndProject
Project("{9A19103F-16F7-4668-BE54-9A1E7A4F7556}") = "Howatworks.SubEtha.Monitor", "Howatworks.SubEtha.Monitor\Howatworks.SubEtha.Monitor.csproj", "{F36A1399-767C-404C-86D8-632D54288750}"
EndProject
Project("{9A19103F-16F7-4668-BE54-9A1E7A4F7556}") = "Howatworks.SubEtha.Parser", "Howatworks.SubEtha.Parser\Howatworks.SubEtha.Parser.csproj", "{B8D3A160-1D78-49BF-A27A-D859B7E695AA}"
EndProject
Project("{9A19103F-16F7-4668-BE54-9A1E7A4F7556}") = "Howatworks.Thumb.Console", "Howatworks.Thumb.Console\Howatworks.Thumb.Console.csproj", "{B090D7D5-EE4E-46AA-A78D-A32CED94B957}"
EndProject
Project("{9A19103F-16F7-4668-BE54-9A1E7A4F7556}") = "Howatworks.Thumb.Core", "Howatworks.Thumb.Core\Howatworks.Thumb.Core.csproj", "{D057681C-68CC-4C45-89BA-0A0AEE75D1EA}"
EndProject
Project("{FAE04EC0-301F-11D3-BF4B-00C04F79EFBC}") = "Howatworks.Thumb.Tray", "Howatworks.Thumb.Tray\Howatworks.Thumb.Tray.csproj", "{F6627F39-E61E-42C7-98C9-56B1B32FA439}"
EndProject
Project("{9A19103F-16F7-4668-BE54-9A1E7A4F7556}") = "Howatworks.Thumb.Plugin", "Howatworks.Thumb.Plugin\Howatworks.Thumb.Plugin.csproj", "{3F7F0CC9-5273-4356-B272-477C3F787EFD}"
EndProject
Project("{9A19103F-16F7-4668-BE54-9A1E7A4F7556}") = "Howatworks.Matrix.Core", "Howatworks.Matrix.Core\Howatworks.Matrix.Core.csproj", "{76CF042D-5F77-44FC-ABDF-0C5718E77BFF}"
EndProject
Project("{9A19103F-16F7-4668-BE54-9A1E7A4F7556}") = "Howatworks.Matrix.Domain", "Howatworks.Matrix.Domain\Howatworks.Matrix.Domain.csproj", "{E34441AE-6D23-4722-87EA-8247C820D2E3}"
EndProject
Project("{2150E333-8FDC-42A3-9474-1A3956D46DE8}") = "MatrixPlugin", "MatrixPlugin", "{6D488EE5-C695-42D9-943A-5CBA6D8346F2}"
EndProject
Project("{9A19103F-16F7-4668-BE54-9A1E7A4F7556}") = "Howatworks.Thumb.Plugin.Matrix", "Howatworks.Thumb.Plugin.Matrix\Howatworks.Thumb.Plugin.Matrix.csproj", "{ECE7740C-E4C6-433F-B829-DB16BC238527}"
EndProject
Project("{2150E333-8FDC-42A3-9474-1A3956D46DE8}") = "AssistantPlugin", "AssistantPlugin", "{6FB77D82-7ED9-4F39-B902-21C15FFFCECA}"
EndProject
Project("{9A19103F-16F7-4668-BE54-9A1E7A4F7556}") = "Howatworks.Thumb.Plugin.Assistant.Test", "Howatworks.Thumb.Plugin.Assistant.Test\Howatworks.Thumb.Plugin.Assistant.Test.csproj", "{6559D314-04BF-455B-AB09-E18449C58589}"
EndProject
Project("{9A19103F-16F7-4668-BE54-9A1E7A4F7556}") = "Howatworks.Thumb.Plugin.Assistant", "Howatworks.Thumb.Plugin.Assistant\Howatworks.Thumb.Plugin.Assistant.csproj", "{51D58D45-64DE-4388-8735-2744EB0CE320}"
EndProject
Project("{9A19103F-16F7-4668-BE54-9A1E7A4F7556}") = "Howatworks.SubEtha.Journal.Scan", "Howatworks.SubEtha.Journal.Scan\Howatworks.SubEtha.Journal.Scan.csproj", "{977FF0C4-DF1C-4CF0-977A-3B2F8F7C1D29}"
EndProject
Project("{9A19103F-16F7-4668-BE54-9A1E7A4F7556}") = "Howatworks.SubEtha.Bindings.CodeGen", "Howatworks.SubEtha.Bindings.CodeGen\Howatworks.SubEtha.Bindings.CodeGen.csproj", "{B4B30D01-F97A-403E-A2A1-D211334EDF88}"
EndProject
Project("{2150E333-8FDC-42A3-9474-1A3956D46DE8}") = "MatrixServer", "MatrixServer", "{444F5D7A-889E-4D8D-85EB-479359226D8F}"
EndProject
Project("{2150E333-8FDC-42A3-9474-1A3956D46DE8}") = "Journal", "Journal", "{9F455D72-1FDB-4969-89EF-9A3CEB74FC93}"
EndProject
Project("{2150E333-8FDC-42A3-9474-1A3956D46DE8}") = "Bindings", "Bindings", "{F2134956-968B-4912-A4C2-288917713688}"
EndProject
Project("{9A19103F-16F7-4668-BE54-9A1E7A4F7556}") = "Howatworks.Matrix.Site", "Howatworks.Matrix.Site\Howatworks.Matrix.Site.csproj", "{11E517D9-DF9D-4199-BF97-F7765F9C5600}"
EndProject
Project("{9A19103F-16F7-4668-BE54-9A1E7A4F7556}") = "Howatworks.Matrix.EntityFramework", "Howatworks.Matrix.EntityFramework\Howatworks.Matrix.EntityFramework.csproj", "{91BC9C95-6FCE-4D75-92C1-A20377538FBD}"
EndProject
Project("{9A19103F-16F7-4668-BE54-9A1E7A4F7556}") = "Howatworks.Matrix.InMemory", "Howatworks.Matrix.InMemory\Howatworks.Matrix.InMemory.csproj", "{A453DA26-9692-4CE5-A583-07E51881427C}"
EndProject
Project("{9A19103F-16F7-4668-BE54-9A1E7A4F7556}") = "Howatworks.Matrix.MongoDb", "Howatworks.Matrix.MongoDb\Howatworks.Matrix.MongoDb.csproj", "{85554E3C-0C26-434B-B54B-182CEE4EA617}"
EndProject
Global
	GlobalSection(SolutionConfigurationPlatforms) = preSolution
		CoreDebug|Any CPU = CoreDebug|Any CPU
		CoreRelease|Any CPU = CoreRelease|Any CPU
		Debug|Any CPU = Debug|Any CPU
		Release|Any CPU = Release|Any CPU
	EndGlobalSection
	GlobalSection(ProjectConfigurationPlatforms) = postSolution
		{B54C322E-15EB-465C-82A7-8D92759DB2F1}.CoreDebug|Any CPU.ActiveCfg = Debug|Any CPU
		{B54C322E-15EB-465C-82A7-8D92759DB2F1}.CoreDebug|Any CPU.Build.0 = Debug|Any CPU
		{B54C322E-15EB-465C-82A7-8D92759DB2F1}.CoreRelease|Any CPU.ActiveCfg = Release|Any CPU
		{B54C322E-15EB-465C-82A7-8D92759DB2F1}.CoreRelease|Any CPU.Build.0 = Release|Any CPU
		{B54C322E-15EB-465C-82A7-8D92759DB2F1}.Debug|Any CPU.ActiveCfg = Debug|Any CPU
		{B54C322E-15EB-465C-82A7-8D92759DB2F1}.Debug|Any CPU.Build.0 = Debug|Any CPU
		{B54C322E-15EB-465C-82A7-8D92759DB2F1}.Release|Any CPU.ActiveCfg = Release|Any CPU
		{B54C322E-15EB-465C-82A7-8D92759DB2F1}.Release|Any CPU.Build.0 = Release|Any CPU
		{48DB843F-DF61-40C1-8C8E-B4F0DA91C85A}.CoreDebug|Any CPU.ActiveCfg = Debug|Any CPU
		{48DB843F-DF61-40C1-8C8E-B4F0DA91C85A}.CoreDebug|Any CPU.Build.0 = Debug|Any CPU
		{48DB843F-DF61-40C1-8C8E-B4F0DA91C85A}.CoreRelease|Any CPU.ActiveCfg = Release|Any CPU
		{48DB843F-DF61-40C1-8C8E-B4F0DA91C85A}.CoreRelease|Any CPU.Build.0 = Release|Any CPU
		{48DB843F-DF61-40C1-8C8E-B4F0DA91C85A}.Debug|Any CPU.ActiveCfg = Debug|Any CPU
		{48DB843F-DF61-40C1-8C8E-B4F0DA91C85A}.Debug|Any CPU.Build.0 = Debug|Any CPU
		{48DB843F-DF61-40C1-8C8E-B4F0DA91C85A}.Release|Any CPU.ActiveCfg = Release|Any CPU
		{48DB843F-DF61-40C1-8C8E-B4F0DA91C85A}.Release|Any CPU.Build.0 = Release|Any CPU
		{73E1E2D5-1099-4144-9648-92960F99F5C8}.CoreDebug|Any CPU.ActiveCfg = CoreDebug|Any CPU
		{73E1E2D5-1099-4144-9648-92960F99F5C8}.CoreDebug|Any CPU.Build.0 = CoreDebug|Any CPU
		{73E1E2D5-1099-4144-9648-92960F99F5C8}.CoreRelease|Any CPU.ActiveCfg = CoreRelease|Any CPU
		{73E1E2D5-1099-4144-9648-92960F99F5C8}.CoreRelease|Any CPU.Build.0 = CoreRelease|Any CPU
		{73E1E2D5-1099-4144-9648-92960F99F5C8}.Debug|Any CPU.ActiveCfg = Debug|Any CPU
		{73E1E2D5-1099-4144-9648-92960F99F5C8}.Debug|Any CPU.Build.0 = Debug|Any CPU
		{73E1E2D5-1099-4144-9648-92960F99F5C8}.Release|Any CPU.ActiveCfg = Release|Any CPU
		{73E1E2D5-1099-4144-9648-92960F99F5C8}.Release|Any CPU.Build.0 = Release|Any CPU
		{FF30BEF4-BD1E-4D20-AA6F-14CB3B8A5996}.CoreDebug|Any CPU.ActiveCfg = CoreDebug|Any CPU
		{FF30BEF4-BD1E-4D20-AA6F-14CB3B8A5996}.CoreDebug|Any CPU.Build.0 = CoreDebug|Any CPU
		{FF30BEF4-BD1E-4D20-AA6F-14CB3B8A5996}.CoreRelease|Any CPU.ActiveCfg = CoreRelease|Any CPU
		{FF30BEF4-BD1E-4D20-AA6F-14CB3B8A5996}.CoreRelease|Any CPU.Build.0 = CoreRelease|Any CPU
		{FF30BEF4-BD1E-4D20-AA6F-14CB3B8A5996}.Debug|Any CPU.ActiveCfg = Debug|Any CPU
		{FF30BEF4-BD1E-4D20-AA6F-14CB3B8A5996}.Debug|Any CPU.Build.0 = Debug|Any CPU
		{FF30BEF4-BD1E-4D20-AA6F-14CB3B8A5996}.Release|Any CPU.ActiveCfg = Release|Any CPU
		{FF30BEF4-BD1E-4D20-AA6F-14CB3B8A5996}.Release|Any CPU.Build.0 = Release|Any CPU
		{F36A1399-767C-404C-86D8-632D54288750}.CoreDebug|Any CPU.ActiveCfg = Debug|Any CPU
		{F36A1399-767C-404C-86D8-632D54288750}.CoreDebug|Any CPU.Build.0 = Debug|Any CPU
		{F36A1399-767C-404C-86D8-632D54288750}.CoreRelease|Any CPU.ActiveCfg = Release|Any CPU
		{F36A1399-767C-404C-86D8-632D54288750}.CoreRelease|Any CPU.Build.0 = Release|Any CPU
		{F36A1399-767C-404C-86D8-632D54288750}.Debug|Any CPU.ActiveCfg = Debug|Any CPU
		{F36A1399-767C-404C-86D8-632D54288750}.Debug|Any CPU.Build.0 = Debug|Any CPU
		{F36A1399-767C-404C-86D8-632D54288750}.Release|Any CPU.ActiveCfg = Release|Any CPU
		{F36A1399-767C-404C-86D8-632D54288750}.Release|Any CPU.Build.0 = Release|Any CPU
		{B8D3A160-1D78-49BF-A27A-D859B7E695AA}.CoreDebug|Any CPU.ActiveCfg = CoreDebug|Any CPU
		{B8D3A160-1D78-49BF-A27A-D859B7E695AA}.CoreDebug|Any CPU.Build.0 = CoreDebug|Any CPU
		{B8D3A160-1D78-49BF-A27A-D859B7E695AA}.CoreRelease|Any CPU.ActiveCfg = CoreRelease|Any CPU
		{B8D3A160-1D78-49BF-A27A-D859B7E695AA}.CoreRelease|Any CPU.Build.0 = CoreRelease|Any CPU
		{B8D3A160-1D78-49BF-A27A-D859B7E695AA}.Debug|Any CPU.ActiveCfg = Debug|Any CPU
		{B8D3A160-1D78-49BF-A27A-D859B7E695AA}.Debug|Any CPU.Build.0 = Debug|Any CPU
		{B8D3A160-1D78-49BF-A27A-D859B7E695AA}.Release|Any CPU.ActiveCfg = Release|Any CPU
		{B8D3A160-1D78-49BF-A27A-D859B7E695AA}.Release|Any CPU.Build.0 = Release|Any CPU
		{B090D7D5-EE4E-46AA-A78D-A32CED94B957}.CoreDebug|Any CPU.ActiveCfg = CoreDebug|Any CPU
		{B090D7D5-EE4E-46AA-A78D-A32CED94B957}.CoreDebug|Any CPU.Build.0 = CoreDebug|Any CPU
		{B090D7D5-EE4E-46AA-A78D-A32CED94B957}.CoreRelease|Any CPU.ActiveCfg = CoreRelease|Any CPU
		{B090D7D5-EE4E-46AA-A78D-A32CED94B957}.CoreRelease|Any CPU.Build.0 = CoreRelease|Any CPU
		{B090D7D5-EE4E-46AA-A78D-A32CED94B957}.Debug|Any CPU.ActiveCfg = Debug|Any CPU
		{B090D7D5-EE4E-46AA-A78D-A32CED94B957}.Debug|Any CPU.Build.0 = Debug|Any CPU
		{B090D7D5-EE4E-46AA-A78D-A32CED94B957}.Release|Any CPU.ActiveCfg = Release|Any CPU
		{B090D7D5-EE4E-46AA-A78D-A32CED94B957}.Release|Any CPU.Build.0 = Release|Any CPU
		{D057681C-68CC-4C45-89BA-0A0AEE75D1EA}.CoreDebug|Any CPU.ActiveCfg = CoreDebug|Any CPU
		{D057681C-68CC-4C45-89BA-0A0AEE75D1EA}.CoreDebug|Any CPU.Build.0 = CoreDebug|Any CPU
		{D057681C-68CC-4C45-89BA-0A0AEE75D1EA}.CoreRelease|Any CPU.ActiveCfg = CoreRelease|Any CPU
		{D057681C-68CC-4C45-89BA-0A0AEE75D1EA}.CoreRelease|Any CPU.Build.0 = CoreRelease|Any CPU
		{D057681C-68CC-4C45-89BA-0A0AEE75D1EA}.Debug|Any CPU.ActiveCfg = Debug|Any CPU
		{D057681C-68CC-4C45-89BA-0A0AEE75D1EA}.Debug|Any CPU.Build.0 = Debug|Any CPU
		{D057681C-68CC-4C45-89BA-0A0AEE75D1EA}.Release|Any CPU.ActiveCfg = Release|Any CPU
		{D057681C-68CC-4C45-89BA-0A0AEE75D1EA}.Release|Any CPU.Build.0 = Release|Any CPU
		{F6627F39-E61E-42C7-98C9-56B1B32FA439}.CoreDebug|Any CPU.ActiveCfg = CoreDebug|Any CPU
		{F6627F39-E61E-42C7-98C9-56B1B32FA439}.CoreDebug|Any CPU.Build.0 = CoreDebug|Any CPU
		{F6627F39-E61E-42C7-98C9-56B1B32FA439}.CoreRelease|Any CPU.ActiveCfg = CoreRelease|Any CPU
		{F6627F39-E61E-42C7-98C9-56B1B32FA439}.CoreRelease|Any CPU.Build.0 = CoreRelease|Any CPU
		{F6627F39-E61E-42C7-98C9-56B1B32FA439}.Debug|Any CPU.ActiveCfg = Debug|Any CPU
		{F6627F39-E61E-42C7-98C9-56B1B32FA439}.Debug|Any CPU.Build.0 = Debug|Any CPU
		{F6627F39-E61E-42C7-98C9-56B1B32FA439}.Release|Any CPU.ActiveCfg = Release|Any CPU
		{F6627F39-E61E-42C7-98C9-56B1B32FA439}.Release|Any CPU.Build.0 = Release|Any CPU
		{3F7F0CC9-5273-4356-B272-477C3F787EFD}.CoreDebug|Any CPU.ActiveCfg = CoreDebug|Any CPU
		{3F7F0CC9-5273-4356-B272-477C3F787EFD}.CoreDebug|Any CPU.Build.0 = CoreDebug|Any CPU
		{3F7F0CC9-5273-4356-B272-477C3F787EFD}.CoreRelease|Any CPU.ActiveCfg = CoreRelease|Any CPU
		{3F7F0CC9-5273-4356-B272-477C3F787EFD}.CoreRelease|Any CPU.Build.0 = CoreRelease|Any CPU
		{3F7F0CC9-5273-4356-B272-477C3F787EFD}.Debug|Any CPU.ActiveCfg = Debug|Any CPU
		{3F7F0CC9-5273-4356-B272-477C3F787EFD}.Debug|Any CPU.Build.0 = Debug|Any CPU
		{3F7F0CC9-5273-4356-B272-477C3F787EFD}.Release|Any CPU.ActiveCfg = Release|Any CPU
		{3F7F0CC9-5273-4356-B272-477C3F787EFD}.Release|Any CPU.Build.0 = Release|Any CPU
		{76CF042D-5F77-44FC-ABDF-0C5718E77BFF}.CoreDebug|Any CPU.ActiveCfg = CoreDebug|Any CPU
		{76CF042D-5F77-44FC-ABDF-0C5718E77BFF}.CoreDebug|Any CPU.Build.0 = CoreDebug|Any CPU
		{76CF042D-5F77-44FC-ABDF-0C5718E77BFF}.CoreRelease|Any CPU.ActiveCfg = CoreRelease|Any CPU
		{76CF042D-5F77-44FC-ABDF-0C5718E77BFF}.CoreRelease|Any CPU.Build.0 = CoreRelease|Any CPU
		{76CF042D-5F77-44FC-ABDF-0C5718E77BFF}.Debug|Any CPU.ActiveCfg = Debug|Any CPU
		{76CF042D-5F77-44FC-ABDF-0C5718E77BFF}.Debug|Any CPU.Build.0 = Debug|Any CPU
		{76CF042D-5F77-44FC-ABDF-0C5718E77BFF}.Release|Any CPU.ActiveCfg = Release|Any CPU
		{76CF042D-5F77-44FC-ABDF-0C5718E77BFF}.Release|Any CPU.Build.0 = Release|Any CPU
		{E34441AE-6D23-4722-87EA-8247C820D2E3}.CoreDebug|Any CPU.ActiveCfg = CoreDebug|Any CPU
		{E34441AE-6D23-4722-87EA-8247C820D2E3}.CoreDebug|Any CPU.Build.0 = CoreDebug|Any CPU
		{E34441AE-6D23-4722-87EA-8247C820D2E3}.CoreRelease|Any CPU.ActiveCfg = CoreRelease|Any CPU
		{E34441AE-6D23-4722-87EA-8247C820D2E3}.CoreRelease|Any CPU.Build.0 = CoreRelease|Any CPU
		{E34441AE-6D23-4722-87EA-8247C820D2E3}.Debug|Any CPU.ActiveCfg = Debug|Any CPU
		{E34441AE-6D23-4722-87EA-8247C820D2E3}.Debug|Any CPU.Build.0 = Debug|Any CPU
		{E34441AE-6D23-4722-87EA-8247C820D2E3}.Release|Any CPU.ActiveCfg = Release|Any CPU
		{E34441AE-6D23-4722-87EA-8247C820D2E3}.Release|Any CPU.Build.0 = Release|Any CPU
		{ECE7740C-E4C6-433F-B829-DB16BC238527}.CoreDebug|Any CPU.ActiveCfg = CoreDebug|Any CPU
		{ECE7740C-E4C6-433F-B829-DB16BC238527}.CoreDebug|Any CPU.Build.0 = CoreDebug|Any CPU
		{ECE7740C-E4C6-433F-B829-DB16BC238527}.CoreRelease|Any CPU.ActiveCfg = CoreRelease|Any CPU
		{ECE7740C-E4C6-433F-B829-DB16BC238527}.CoreRelease|Any CPU.Build.0 = CoreRelease|Any CPU
		{ECE7740C-E4C6-433F-B829-DB16BC238527}.Debug|Any CPU.ActiveCfg = Debug|Any CPU
		{ECE7740C-E4C6-433F-B829-DB16BC238527}.Debug|Any CPU.Build.0 = Debug|Any CPU
		{ECE7740C-E4C6-433F-B829-DB16BC238527}.Release|Any CPU.ActiveCfg = Release|Any CPU
		{ECE7740C-E4C6-433F-B829-DB16BC238527}.Release|Any CPU.Build.0 = Release|Any CPU
		{6559D314-04BF-455B-AB09-E18449C58589}.CoreDebug|Any CPU.ActiveCfg = Debug|Any CPU
		{6559D314-04BF-455B-AB09-E18449C58589}.CoreDebug|Any CPU.Build.0 = Debug|Any CPU
		{6559D314-04BF-455B-AB09-E18449C58589}.CoreRelease|Any CPU.ActiveCfg = Release|Any CPU
		{6559D314-04BF-455B-AB09-E18449C58589}.CoreRelease|Any CPU.Build.0 = Release|Any CPU
		{6559D314-04BF-455B-AB09-E18449C58589}.Debug|Any CPU.ActiveCfg = Debug|Any CPU
		{6559D314-04BF-455B-AB09-E18449C58589}.Debug|Any CPU.Build.0 = Debug|Any CPU
		{6559D314-04BF-455B-AB09-E18449C58589}.Release|Any CPU.ActiveCfg = Release|Any CPU
		{6559D314-04BF-455B-AB09-E18449C58589}.Release|Any CPU.Build.0 = Release|Any CPU
		{51D58D45-64DE-4388-8735-2744EB0CE320}.CoreDebug|Any CPU.ActiveCfg = Debug|Any CPU
		{51D58D45-64DE-4388-8735-2744EB0CE320}.CoreDebug|Any CPU.Build.0 = Debug|Any CPU
		{51D58D45-64DE-4388-8735-2744EB0CE320}.CoreRelease|Any CPU.ActiveCfg = Release|Any CPU
		{51D58D45-64DE-4388-8735-2744EB0CE320}.CoreRelease|Any CPU.Build.0 = Release|Any CPU
		{51D58D45-64DE-4388-8735-2744EB0CE320}.Debug|Any CPU.ActiveCfg = Debug|Any CPU
		{51D58D45-64DE-4388-8735-2744EB0CE320}.Debug|Any CPU.Build.0 = Debug|Any CPU
		{51D58D45-64DE-4388-8735-2744EB0CE320}.Release|Any CPU.ActiveCfg = Release|Any CPU
		{51D58D45-64DE-4388-8735-2744EB0CE320}.Release|Any CPU.Build.0 = Release|Any CPU
		{977FF0C4-DF1C-4CF0-977A-3B2F8F7C1D29}.CoreDebug|Any CPU.ActiveCfg = Debug|Any CPU
		{977FF0C4-DF1C-4CF0-977A-3B2F8F7C1D29}.CoreDebug|Any CPU.Build.0 = Debug|Any CPU
		{977FF0C4-DF1C-4CF0-977A-3B2F8F7C1D29}.CoreRelease|Any CPU.ActiveCfg = Release|Any CPU
		{977FF0C4-DF1C-4CF0-977A-3B2F8F7C1D29}.CoreRelease|Any CPU.Build.0 = Release|Any CPU
		{977FF0C4-DF1C-4CF0-977A-3B2F8F7C1D29}.Debug|Any CPU.ActiveCfg = Debug|Any CPU
		{977FF0C4-DF1C-4CF0-977A-3B2F8F7C1D29}.Debug|Any CPU.Build.0 = Debug|Any CPU
		{977FF0C4-DF1C-4CF0-977A-3B2F8F7C1D29}.Release|Any CPU.ActiveCfg = Release|Any CPU
		{977FF0C4-DF1C-4CF0-977A-3B2F8F7C1D29}.Release|Any CPU.Build.0 = Release|Any CPU
		{B4B30D01-F97A-403E-A2A1-D211334EDF88}.CoreDebug|Any CPU.ActiveCfg = Debug|Any CPU
		{B4B30D01-F97A-403E-A2A1-D211334EDF88}.CoreDebug|Any CPU.Build.0 = Debug|Any CPU
		{B4B30D01-F97A-403E-A2A1-D211334EDF88}.CoreRelease|Any CPU.ActiveCfg = Release|Any CPU
		{B4B30D01-F97A-403E-A2A1-D211334EDF88}.CoreRelease|Any CPU.Build.0 = Release|Any CPU
		{B4B30D01-F97A-403E-A2A1-D211334EDF88}.Debug|Any CPU.ActiveCfg = Debug|Any CPU
		{B4B30D01-F97A-403E-A2A1-D211334EDF88}.Debug|Any CPU.Build.0 = Debug|Any CPU
		{B4B30D01-F97A-403E-A2A1-D211334EDF88}.Release|Any CPU.ActiveCfg = Release|Any CPU
		{B4B30D01-F97A-403E-A2A1-D211334EDF88}.Release|Any CPU.Build.0 = Release|Any CPU
		{11E517D9-DF9D-4199-BF97-F7765F9C5600}.CoreDebug|Any CPU.ActiveCfg = Debug|Any CPU
		{11E517D9-DF9D-4199-BF97-F7765F9C5600}.CoreDebug|Any CPU.Build.0 = Debug|Any CPU
		{11E517D9-DF9D-4199-BF97-F7765F9C5600}.CoreRelease|Any CPU.ActiveCfg = Release|Any CPU
		{11E517D9-DF9D-4199-BF97-F7765F9C5600}.CoreRelease|Any CPU.Build.0 = Release|Any CPU
		{11E517D9-DF9D-4199-BF97-F7765F9C5600}.Debug|Any CPU.ActiveCfg = Debug|Any CPU
		{11E517D9-DF9D-4199-BF97-F7765F9C5600}.Debug|Any CPU.Build.0 = Debug|Any CPU
		{11E517D9-DF9D-4199-BF97-F7765F9C5600}.Release|Any CPU.ActiveCfg = Release|Any CPU
		{11E517D9-DF9D-4199-BF97-F7765F9C5600}.Release|Any CPU.Build.0 = Release|Any CPU
		{91BC9C95-6FCE-4D75-92C1-A20377538FBD}.CoreDebug|Any CPU.ActiveCfg = Debug|Any CPU
		{91BC9C95-6FCE-4D75-92C1-A20377538FBD}.CoreDebug|Any CPU.Build.0 = Debug|Any CPU
		{91BC9C95-6FCE-4D75-92C1-A20377538FBD}.CoreRelease|Any CPU.ActiveCfg = Release|Any CPU
		{91BC9C95-6FCE-4D75-92C1-A20377538FBD}.CoreRelease|Any CPU.Build.0 = Release|Any CPU
		{91BC9C95-6FCE-4D75-92C1-A20377538FBD}.Debug|Any CPU.ActiveCfg = Debug|Any CPU
		{91BC9C95-6FCE-4D75-92C1-A20377538FBD}.Debug|Any CPU.Build.0 = Debug|Any CPU
		{91BC9C95-6FCE-4D75-92C1-A20377538FBD}.Release|Any CPU.ActiveCfg = Release|Any CPU
		{91BC9C95-6FCE-4D75-92C1-A20377538FBD}.Release|Any CPU.Build.0 = Release|Any CPU
		{A453DA26-9692-4CE5-A583-07E51881427C}.CoreDebug|Any CPU.ActiveCfg = Debug|Any CPU
		{A453DA26-9692-4CE5-A583-07E51881427C}.CoreDebug|Any CPU.Build.0 = Debug|Any CPU
		{A453DA26-9692-4CE5-A583-07E51881427C}.CoreRelease|Any CPU.ActiveCfg = Release|Any CPU
		{A453DA26-9692-4CE5-A583-07E51881427C}.CoreRelease|Any CPU.Build.0 = Release|Any CPU
		{A453DA26-9692-4CE5-A583-07E51881427C}.Debug|Any CPU.ActiveCfg = Debug|Any CPU
		{A453DA26-9692-4CE5-A583-07E51881427C}.Debug|Any CPU.Build.0 = Debug|Any CPU
		{A453DA26-9692-4CE5-A583-07E51881427C}.Release|Any CPU.ActiveCfg = Release|Any CPU
		{A453DA26-9692-4CE5-A583-07E51881427C}.Release|Any CPU.Build.0 = Release|Any CPU
		{85554E3C-0C26-434B-B54B-182CEE4EA617}.CoreDebug|Any CPU.ActiveCfg = Debug|Any CPU
		{85554E3C-0C26-434B-B54B-182CEE4EA617}.CoreDebug|Any CPU.Build.0 = Debug|Any CPU
		{85554E3C-0C26-434B-B54B-182CEE4EA617}.CoreRelease|Any CPU.ActiveCfg = Release|Any CPU
		{85554E3C-0C26-434B-B54B-182CEE4EA617}.CoreRelease|Any CPU.Build.0 = Release|Any CPU
		{85554E3C-0C26-434B-B54B-182CEE4EA617}.Debug|Any CPU.ActiveCfg = Debug|Any CPU
		{85554E3C-0C26-434B-B54B-182CEE4EA617}.Debug|Any CPU.Build.0 = Debug|Any CPU
		{85554E3C-0C26-434B-B54B-182CEE4EA617}.Release|Any CPU.ActiveCfg = Release|Any CPU
		{85554E3C-0C26-434B-B54B-182CEE4EA617}.Release|Any CPU.Build.0 = Release|Any CPU
	EndGlobalSection
	GlobalSection(SolutionProperties) = preSolution
		HideSolutionNode = FALSE
	EndGlobalSection
	GlobalSection(NestedProjects) = preSolution
		{B54C322E-15EB-465C-82A7-8D92759DB2F1} = {F2134956-968B-4912-A4C2-288917713688}
		{48DB843F-DF61-40C1-8C8E-B4F0DA91C85A} = {F2134956-968B-4912-A4C2-288917713688}
		{73E1E2D5-1099-4144-9648-92960F99F5C8} = {9F455D72-1FDB-4969-89EF-9A3CEB74FC93}
		{FF30BEF4-BD1E-4D20-AA6F-14CB3B8A5996} = {9F455D72-1FDB-4969-89EF-9A3CEB74FC93}
		{F36A1399-767C-404C-86D8-632D54288750} = {B79142DD-2167-49CF-88CD-7E6A886F0B0F}
		{B8D3A160-1D78-49BF-A27A-D859B7E695AA} = {B79142DD-2167-49CF-88CD-7E6A886F0B0F}
		{B090D7D5-EE4E-46AA-A78D-A32CED94B957} = {3C7A3739-DFB0-4F98-9909-4FBD05A35E26}
		{D057681C-68CC-4C45-89BA-0A0AEE75D1EA} = {3C7A3739-DFB0-4F98-9909-4FBD05A35E26}
		{F6627F39-E61E-42C7-98C9-56B1B32FA439} = {3C7A3739-DFB0-4F98-9909-4FBD05A35E26}
		{3F7F0CC9-5273-4356-B272-477C3F787EFD} = {3C7A3739-DFB0-4F98-9909-4FBD05A35E26}
		{76CF042D-5F77-44FC-ABDF-0C5718E77BFF} = {444F5D7A-889E-4D8D-85EB-479359226D8F}
		{E34441AE-6D23-4722-87EA-8247C820D2E3} = {7F6A6246-D98E-484F-AE12-351FB37863FC}
		{ECE7740C-E4C6-433F-B829-DB16BC238527} = {6D488EE5-C695-42D9-943A-5CBA6D8346F2}
		{6559D314-04BF-455B-AB09-E18449C58589} = {6FB77D82-7ED9-4F39-B902-21C15FFFCECA}
		{51D58D45-64DE-4388-8735-2744EB0CE320} = {6FB77D82-7ED9-4F39-B902-21C15FFFCECA}
		{977FF0C4-DF1C-4CF0-977A-3B2F8F7C1D29} = {9F455D72-1FDB-4969-89EF-9A3CEB74FC93}
		{B4B30D01-F97A-403E-A2A1-D211334EDF88} = {F2134956-968B-4912-A4C2-288917713688}
		{9F455D72-1FDB-4969-89EF-9A3CEB74FC93} = {B79142DD-2167-49CF-88CD-7E6A886F0B0F}
		{F2134956-968B-4912-A4C2-288917713688} = {B79142DD-2167-49CF-88CD-7E6A886F0B0F}
		{11E517D9-DF9D-4199-BF97-F7765F9C5600} = {444F5D7A-889E-4D8D-85EB-479359226D8F}
		{91BC9C95-6FCE-4D75-92C1-A20377538FBD} = {444F5D7A-889E-4D8D-85EB-479359226D8F}
		{A453DA26-9692-4CE5-A583-07E51881427C} = {444F5D7A-889E-4D8D-85EB-479359226D8F}
		{85554E3C-0C26-434B-B54B-182CEE4EA617} = {444F5D7A-889E-4D8D-85EB-479359226D8F}
	EndGlobalSection
	GlobalSection(ExtensibilityGlobals) = postSolution
		SolutionGuid = {83C552C3-FA11-4510-8F9F-B6BC1641E4A2}
	EndGlobalSection
EndGlobal
