
Microsoft Visual Studio Solution File, Format Version 12.00
# Visual Studio Version 16
VisualStudioVersion = 16.0.29709.97
MinimumVisualStudioVersion = 10.0.40219.1
Project("{2150E333-8FDC-42A3-9474-1A3956D46DE8}") = "Journal", "Journal", "{9F455D72-1FDB-4969-89EF-9A3CEB74FC93}"
EndProject
Project("{2150E333-8FDC-42A3-9474-1A3956D46DE8}") = "Bindings", "Bindings", "{F2134956-968B-4912-A4C2-288917713688}"
EndProject
Project("{2150E333-8FDC-42A3-9474-1A3956D46DE8}") = "Monitor", "Monitor", "{D2146907-E847-4B93-96CD-6DC875D90703}"
EndProject
Project("{2150E333-8FDC-42A3-9474-1A3956D46DE8}") = "Parser", "Parser", "{F4570D1F-DF2A-4F53-AF59-6C2CCB246144}"
EndProject
Project("{9A19103F-16F7-4668-BE54-9A1E7A4F7556}") = "Howatworks.SubEtha.Bindings", "SubEtha.Bindings\Howatworks.SubEtha.Bindings\Howatworks.SubEtha.Bindings.csproj", "{98216977-60B8-4320-AAE8-5963D22D8A39}"
EndProject
Project("{9A19103F-16F7-4668-BE54-9A1E7A4F7556}") = "Howatworks.SubEtha.Bindings.CodeGen", "SubEtha.Bindings\Howatworks.SubEtha.Bindings.CodeGen\Howatworks.SubEtha.Bindings.CodeGen.csproj", "{5439EFB0-E797-4D26-9A3B-4597EAC5B974}"
EndProject
Project("{9A19103F-16F7-4668-BE54-9A1E7A4F7556}") = "Howatworks.SubEtha.Bindings.Test", "SubEtha.Bindings\Howatworks.SubEtha.Bindings.Test\Howatworks.SubEtha.Bindings.Test.csproj", "{53D5E78F-2A51-4E29-86BB-A8ACE0725162}"
EndProject
Project("{9A19103F-16F7-4668-BE54-9A1E7A4F7556}") = "Howatworks.SubEtha.Journal", "SubEtha.Journal\Howatworks.SubEtha.Journal\Howatworks.SubEtha.Journal.csproj", "{C2B0F44B-0F0A-489D-8502-76BB0E0CCFE1}"
EndProject
Project("{9A19103F-16F7-4668-BE54-9A1E7A4F7556}") = "Howatworks.SubEtha.Journal.Scan", "SubEtha.Journal\Howatworks.SubEtha.Journal.Scan\Howatworks.SubEtha.Journal.Scan.csproj", "{05975182-95E4-47BD-8F6B-A3DE44353AF3}"
EndProject
Project("{9A19103F-16F7-4668-BE54-9A1E7A4F7556}") = "Howatworks.SubEtha.Journal.Test", "SubEtha.Journal\Howatworks.SubEtha.Journal.Test\Howatworks.SubEtha.Journal.Test.csproj", "{0A2324D2-6F3B-4E7F-8DE9-ED4B652B3EDC}"
EndProject
Project("{9A19103F-16F7-4668-BE54-9A1E7A4F7556}") = "Howatworks.SubEtha.Monitor", "SubEtha.Monitor\Howatworks.SubEtha.Monitor\Howatworks.SubEtha.Monitor.csproj", "{20ECCB21-7F53-4BC6-94DE-7152863BC67C}"
EndProject
Project("{9A19103F-16F7-4668-BE54-9A1E7A4F7556}") = "Howatworks.SubEtha.Monitor.Test", "SubEtha.Monitor\Howatworks.SubEtha.Monitor.Test\Howatworks.SubEtha.Monitor.Test.csproj", "{800C30DF-B4B2-4374-817D-95980454B7E1}"
EndProject
Project("{9A19103F-16F7-4668-BE54-9A1E7A4F7556}") = "Howatworks.SubEtha.Parser", "SubEtha.Parser\Howatworks.SubEtha.Parser\Howatworks.SubEtha.Parser.csproj", "{A39C25F6-C801-4C57-8353-CD527E12B15E}"
EndProject
Project("{9A19103F-16F7-4668-BE54-9A1E7A4F7556}") = "Howatworks.SubEtha.Parser.Test", "SubEtha.Parser\Howatworks.SubEtha.Parser.Test\Howatworks.SubEtha.Parser.Test.csproj", "{98870B8C-538D-445C-8F26-83544CB5CCD4}"
EndProject
Global
	GlobalSection(SolutionConfigurationPlatforms) = preSolution
		Debug|Any CPU = Debug|Any CPU
		Release|Any CPU = Release|Any CPU
	EndGlobalSection
	GlobalSection(ProjectConfigurationPlatforms) = postSolution
		{98216977-60B8-4320-AAE8-5963D22D8A39}.Debug|Any CPU.ActiveCfg = Debug|Any CPU
		{98216977-60B8-4320-AAE8-5963D22D8A39}.Debug|Any CPU.Build.0 = Debug|Any CPU
		{98216977-60B8-4320-AAE8-5963D22D8A39}.Release|Any CPU.ActiveCfg = Release|Any CPU
		{98216977-60B8-4320-AAE8-5963D22D8A39}.Release|Any CPU.Build.0 = Release|Any CPU
		{5439EFB0-E797-4D26-9A3B-4597EAC5B974}.Debug|Any CPU.ActiveCfg = Debug|Any CPU
		{5439EFB0-E797-4D26-9A3B-4597EAC5B974}.Debug|Any CPU.Build.0 = Debug|Any CPU
		{5439EFB0-E797-4D26-9A3B-4597EAC5B974}.Release|Any CPU.ActiveCfg = Release|Any CPU
		{5439EFB0-E797-4D26-9A3B-4597EAC5B974}.Release|Any CPU.Build.0 = Release|Any CPU
		{53D5E78F-2A51-4E29-86BB-A8ACE0725162}.Debug|Any CPU.ActiveCfg = Debug|Any CPU
		{53D5E78F-2A51-4E29-86BB-A8ACE0725162}.Debug|Any CPU.Build.0 = Debug|Any CPU
		{53D5E78F-2A51-4E29-86BB-A8ACE0725162}.Release|Any CPU.ActiveCfg = Release|Any CPU
		{53D5E78F-2A51-4E29-86BB-A8ACE0725162}.Release|Any CPU.Build.0 = Release|Any CPU
		{C2B0F44B-0F0A-489D-8502-76BB0E0CCFE1}.Debug|Any CPU.ActiveCfg = Debug|Any CPU
		{C2B0F44B-0F0A-489D-8502-76BB0E0CCFE1}.Debug|Any CPU.Build.0 = Debug|Any CPU
		{C2B0F44B-0F0A-489D-8502-76BB0E0CCFE1}.Release|Any CPU.ActiveCfg = Release|Any CPU
		{C2B0F44B-0F0A-489D-8502-76BB0E0CCFE1}.Release|Any CPU.Build.0 = Release|Any CPU
		{05975182-95E4-47BD-8F6B-A3DE44353AF3}.Debug|Any CPU.ActiveCfg = Debug|Any CPU
		{05975182-95E4-47BD-8F6B-A3DE44353AF3}.Debug|Any CPU.Build.0 = Debug|Any CPU
		{05975182-95E4-47BD-8F6B-A3DE44353AF3}.Release|Any CPU.ActiveCfg = Release|Any CPU
		{05975182-95E4-47BD-8F6B-A3DE44353AF3}.Release|Any CPU.Build.0 = Release|Any CPU
		{0A2324D2-6F3B-4E7F-8DE9-ED4B652B3EDC}.Debug|Any CPU.ActiveCfg = Debug|Any CPU
		{0A2324D2-6F3B-4E7F-8DE9-ED4B652B3EDC}.Debug|Any CPU.Build.0 = Debug|Any CPU
		{0A2324D2-6F3B-4E7F-8DE9-ED4B652B3EDC}.Release|Any CPU.ActiveCfg = Release|Any CPU
		{0A2324D2-6F3B-4E7F-8DE9-ED4B652B3EDC}.Release|Any CPU.Build.0 = Release|Any CPU
		{20ECCB21-7F53-4BC6-94DE-7152863BC67C}.Debug|Any CPU.ActiveCfg = Debug|Any CPU
		{20ECCB21-7F53-4BC6-94DE-7152863BC67C}.Debug|Any CPU.Build.0 = Debug|Any CPU
		{20ECCB21-7F53-4BC6-94DE-7152863BC67C}.Release|Any CPU.ActiveCfg = Release|Any CPU
		{20ECCB21-7F53-4BC6-94DE-7152863BC67C}.Release|Any CPU.Build.0 = Release|Any CPU
		{800C30DF-B4B2-4374-817D-95980454B7E1}.Debug|Any CPU.ActiveCfg = Debug|Any CPU
		{800C30DF-B4B2-4374-817D-95980454B7E1}.Debug|Any CPU.Build.0 = Debug|Any CPU
		{800C30DF-B4B2-4374-817D-95980454B7E1}.Release|Any CPU.ActiveCfg = Release|Any CPU
		{800C30DF-B4B2-4374-817D-95980454B7E1}.Release|Any CPU.Build.0 = Release|Any CPU
		{A39C25F6-C801-4C57-8353-CD527E12B15E}.Debug|Any CPU.ActiveCfg = Debug|Any CPU
		{A39C25F6-C801-4C57-8353-CD527E12B15E}.Debug|Any CPU.Build.0 = Debug|Any CPU
		{A39C25F6-C801-4C57-8353-CD527E12B15E}.Release|Any CPU.ActiveCfg = Release|Any CPU
		{A39C25F6-C801-4C57-8353-CD527E12B15E}.Release|Any CPU.Build.0 = Release|Any CPU
		{98870B8C-538D-445C-8F26-83544CB5CCD4}.Debug|Any CPU.ActiveCfg = Debug|Any CPU
		{98870B8C-538D-445C-8F26-83544CB5CCD4}.Debug|Any CPU.Build.0 = Debug|Any CPU
		{98870B8C-538D-445C-8F26-83544CB5CCD4}.Release|Any CPU.ActiveCfg = Release|Any CPU
		{98870B8C-538D-445C-8F26-83544CB5CCD4}.Release|Any CPU.Build.0 = Release|Any CPU
	EndGlobalSection
	GlobalSection(SolutionProperties) = preSolution
		HideSolutionNode = FALSE
	EndGlobalSection
	GlobalSection(NestedProjects) = preSolution
		{98216977-60B8-4320-AAE8-5963D22D8A39} = {F2134956-968B-4912-A4C2-288917713688}
		{5439EFB0-E797-4D26-9A3B-4597EAC5B974} = {F2134956-968B-4912-A4C2-288917713688}
		{53D5E78F-2A51-4E29-86BB-A8ACE0725162} = {F2134956-968B-4912-A4C2-288917713688}
		{C2B0F44B-0F0A-489D-8502-76BB0E0CCFE1} = {9F455D72-1FDB-4969-89EF-9A3CEB74FC93}
		{05975182-95E4-47BD-8F6B-A3DE44353AF3} = {9F455D72-1FDB-4969-89EF-9A3CEB74FC93}
		{0A2324D2-6F3B-4E7F-8DE9-ED4B652B3EDC} = {9F455D72-1FDB-4969-89EF-9A3CEB74FC93}
		{20ECCB21-7F53-4BC6-94DE-7152863BC67C} = {D2146907-E847-4B93-96CD-6DC875D90703}
		{800C30DF-B4B2-4374-817D-95980454B7E1} = {D2146907-E847-4B93-96CD-6DC875D90703}
		{A39C25F6-C801-4C57-8353-CD527E12B15E} = {F4570D1F-DF2A-4F53-AF59-6C2CCB246144}
		{98870B8C-538D-445C-8F26-83544CB5CCD4} = {F4570D1F-DF2A-4F53-AF59-6C2CCB246144}
	EndGlobalSection
	GlobalSection(ExtensibilityGlobals) = postSolution
		SolutionGuid = {83C552C3-FA11-4510-8F9F-B6BC1641E4A2}
	EndGlobalSection
EndGlobal
