
Microsoft Visual Studio Solution File, Format Version 12.00
# Visual Studio 15
VisualStudioVersion = 15.0.28307.645
MinimumVisualStudioVersion = 10.0.40219.1
Project("{2150E333-8FDC-42A3-9474-1A3956D46DE8}") = "Thumb", "Thumb", "{3C7A3739-DFB0-4F98-9909-4FBD05A35E26}"
EndProject
Project("{2150E333-8FDC-42A3-9474-1A3956D46DE8}") = "Matrix", "Matrix", "{7F6A6246-D98E-484F-AE12-351FB37863FC}"
EndProject
Project("{2150E333-8FDC-42A3-9474-1A3956D46DE8}") = "SubEtha", "SubEtha", "{B79142DD-2167-49CF-88CD-7E6A886F0B0F}"
EndProject
Project("{9A19103F-16F7-4668-BE54-9A1E7A4F7556}") = "Howatworks.SubEtha.Bindings", "Howatworks.SubEtha.Bindings\Howatworks.SubEtha.Bindings.csproj", "{B54C322E-15EB-465C-82A7-8D92759DB2F1}"
EndProject
Project("{9A19103F-16F7-4668-BE54-9A1E7A4F7556}") = "Howatworks.SubEtha.Bindings.Test", "Howatworks.SubEtha.Bindings.Test\Howatworks.SubEtha.Bindings.Test.csproj", "{48DB843F-DF61-40C1-8C8E-B4F0DA91C85A}"
EndProject
Project("{9A19103F-16F7-4668-BE54-9A1E7A4F7556}") = "Howatworks.SubEtha.Journal", "Howatworks.SubEtha.Journal\Howatworks.SubEtha.Journal.csproj", "{73E1E2D5-1099-4144-9648-92960F99F5C8}"
EndProject
Project("{9A19103F-16F7-4668-BE54-9A1E7A4F7556}") = "Howatworks.SubEtha.Journal.Test", "Howatworks.SubEtha.Journal.Test\Howatworks.SubEtha.Journal.Test.csproj", "{FF30BEF4-BD1E-4D20-AA6F-14CB3B8A5996}"
EndProject
Project("{9A19103F-16F7-4668-BE54-9A1E7A4F7556}") = "Howatworks.SubEtha.Monitor", "Howatworks.SubEtha.Monitor\Howatworks.SubEtha.Monitor.csproj", "{F36A1399-767C-404C-86D8-632D54288750}"
EndProject
Project("{9A19103F-16F7-4668-BE54-9A1E7A4F7556}") = "Howatworks.SubEtha.Parser", "Howatworks.SubEtha.Parser\Howatworks.SubEtha.Parser.csproj", "{B8D3A160-1D78-49BF-A27A-D859B7E695AA}"
EndProject
Project("{9A19103F-16F7-4668-BE54-9A1E7A4F7556}") = "Howatworks.Thumb.Core", "Howatworks.Thumb.Core\Howatworks.Thumb.Core.csproj", "{D057681C-68CC-4C45-89BA-0A0AEE75D1EA}"
EndProject
Project("{9A19103F-16F7-4668-BE54-9A1E7A4F7556}") = "Howatworks.Matrix.Core", "Howatworks.Matrix.Core\Howatworks.Matrix.Core.csproj", "{76CF042D-5F77-44FC-ABDF-0C5718E77BFF}"
EndProject
Project("{9A19103F-16F7-4668-BE54-9A1E7A4F7556}") = "Howatworks.Matrix.Domain", "Howatworks.Matrix.Domain\Howatworks.Matrix.Domain.csproj", "{E34441AE-6D23-4722-87EA-8247C820D2E3}"
EndProject
Project("{9A19103F-16F7-4668-BE54-9A1E7A4F7556}") = "Howatworks.Thumb.Plugin.Matrix", "Howatworks.Thumb.Plugin.Matrix\Howatworks.Thumb.Plugin.Matrix.csproj", "{ECE7740C-E4C6-433F-B829-DB16BC238527}"
EndProject
Project("{9A19103F-16F7-4668-BE54-9A1E7A4F7556}") = "Howatworks.Thumb.Plugin.Assistant.Test", "Howatworks.Thumb.Plugin.Assistant.Test\Howatworks.Thumb.Plugin.Assistant.Test.csproj", "{6559D314-04BF-455B-AB09-E18449C58589}"
EndProject
Project("{9A19103F-16F7-4668-BE54-9A1E7A4F7556}") = "Howatworks.Thumb.Plugin.Assistant", "Howatworks.Thumb.Plugin.Assistant\Howatworks.Thumb.Plugin.Assistant.csproj", "{51D58D45-64DE-4388-8735-2744EB0CE320}"
EndProject
Project("{9A19103F-16F7-4668-BE54-9A1E7A4F7556}") = "Howatworks.SubEtha.Journal.Scan", "Howatworks.SubEtha.Journal.Scan\Howatworks.SubEtha.Journal.Scan.csproj", "{977FF0C4-DF1C-4CF0-977A-3B2F8F7C1D29}"
EndProject
Project("{9A19103F-16F7-4668-BE54-9A1E7A4F7556}") = "Howatworks.SubEtha.Bindings.CodeGen", "Howatworks.SubEtha.Bindings.CodeGen\Howatworks.SubEtha.Bindings.CodeGen.csproj", "{B4B30D01-F97A-403E-A2A1-D211334EDF88}"
EndProject
Project("{2150E333-8FDC-42A3-9474-1A3956D46DE8}") = "Journal", "Journal", "{9F455D72-1FDB-4969-89EF-9A3CEB74FC93}"
EndProject
Project("{2150E333-8FDC-42A3-9474-1A3956D46DE8}") = "Bindings", "Bindings", "{F2134956-968B-4912-A4C2-288917713688}"
EndProject
Project("{9A19103F-16F7-4668-BE54-9A1E7A4F7556}") = "Howatworks.Matrix.Site", "Howatworks.Matrix.Site\Howatworks.Matrix.Site.csproj", "{11E517D9-DF9D-4199-BF97-F7765F9C5600}"
EndProject
Project("{9A19103F-16F7-4668-BE54-9A1E7A4F7556}") = "Howatworks.Matrix.EntityFramework", "Howatworks.Matrix.EntityFramework\Howatworks.Matrix.EntityFramework.csproj", "{91BC9C95-6FCE-4D75-92C1-A20377538FBD}"
EndProject
Project("{9A19103F-16F7-4668-BE54-9A1E7A4F7556}") = "Howatworks.Thumb.Plugin", "Howatworks.Thumb.Plugin\Howatworks.Thumb.Plugin.csproj", "{200F75C1-FCFA-458C-98A2-533C78EEFE54}"
EndProject
Project("{9A19103F-16F7-4668-BE54-9A1E7A4F7556}") = "Howatworks.SubEtha.Parser.Test", "Howatworks.SubEtha.Parser.Test\Howatworks.SubEtha.Parser.Test.csproj", "{E71A44C8-8048-4684-8510-E1386A2029E5}"
EndProject
Project("{9A19103F-16F7-4668-BE54-9A1E7A4F7556}") = "Howatworks.SubEtha.Monitor.Test", "Howatworks.SubEtha.Monitor.Test\Howatworks.SubEtha.Monitor.Test.csproj", "{340F6AA2-7B35-4664-967F-E837460AA9BD}"
EndProject
Project("{9A19103F-16F7-4668-BE54-9A1E7A4F7556}") = "Howatworks.Thumb.Matrix.Console", "Howatworks.Thumb.Matrix.Console\Howatworks.Thumb.Matrix.Console.csproj", "{8B4FDB5D-5A8E-4D6E-AC4B-5292169BDAAD}"
EndProject
Project("{9A19103F-16F7-4668-BE54-9A1E7A4F7556}") = "Howatworks.Thumb.Assistant.Console", "Howatworks.Thumb.Assistant.Console\Howatworks.Thumb.Assistant.Console.csproj", "{4DB00F28-3B41-47D8-B054-2FC7FC6D68F3}"
EndProject
Project("{9A19103F-16F7-4668-BE54-9A1E7A4F7556}") = "Howatworks.Thumb.Forms", "Howatworks.Thumb.Forms\Howatworks.Thumb.Forms.csproj", "{1F1C01D0-6C19-42D3-82E5-5E0530E069A4}"
EndProject
Project("{9A19103F-16F7-4668-BE54-9A1E7A4F7556}") = "Howatworks.Thumb.Console", "Howatworks.Thumb.Console\Howatworks.Thumb.Console.csproj", "{AFA4500A-8282-42C5-B22F-BA6ECCD9D5E7}"
EndProject
Project("{2150E333-8FDC-42A3-9474-1A3956D46DE8}") = "Thumb.Matrix", "Thumb.Matrix", "{4D30E6F0-C81A-4340-81AE-B013764A2612}"
EndProject
Project("{2150E333-8FDC-42A3-9474-1A3956D46DE8}") = "Thumb.Assistant", "Thumb.Assistant", "{142DAC3D-81C2-4F9B-9C6B-799034C02ABE}"
EndProject
Project("{9A19103F-16F7-4668-BE54-9A1E7A4F7556}") = "Howatworks.Thumb.Matrix", "Howatworks.Thumb.Matrix\Howatworks.Thumb.Matrix.csproj", "{D2858931-74E5-4943-9F46-E207318C9592}"
EndProject
Project("{9A19103F-16F7-4668-BE54-9A1E7A4F7556}") = "Howatworks.Thumb.Assistant", "Howatworks.Thumb.Assistant\Howatworks.Thumb.Assistant.csproj", "{64FE269D-5C76-4FE3-AF69-9A004D99AFAB}"
EndProject
Project("{9A19103F-16F7-4668-BE54-9A1E7A4F7556}") = "Howatworks.Thumb.Assistant.Installer", "Howatworks.Thumb.Assistant.Installer\Howatworks.Thumb.Assistant.Installer.csproj", "{5AE3A210-AB4B-41C7-8AD2-91DF8ADBFB79}"
EndProject
Project("{9A19103F-16F7-4668-BE54-9A1E7A4F7556}") = "Howatworks.Thumb.Matrix.Installer", "Howatworks.Thumb.Matrix.Installer\Howatworks.Thumb.Matrix.Installer.csproj", "{C490A400-5185-440C-9427-A793CA7A8840}"
EndProject
Project("{2150E333-8FDC-42A3-9474-1A3956D46DE8}") = "Monitor", "Monitor", "{D2146907-E847-4B93-96CD-6DC875D90703}"
EndProject
Project("{2150E333-8FDC-42A3-9474-1A3956D46DE8}") = "Parser", "Parser", "{F4570D1F-DF2A-4F53-AF59-6C2CCB246144}"
EndProject
Global
	GlobalSection(SolutionConfigurationPlatforms) = preSolution
		Debug|Any CPU = Debug|Any CPU
		Release|Any CPU = Release|Any CPU
	EndGlobalSection
	GlobalSection(ProjectConfigurationPlatforms) = postSolution
		{B54C322E-15EB-465C-82A7-8D92759DB2F1}.Debug|Any CPU.ActiveCfg = Debug|Any CPU
		{B54C322E-15EB-465C-82A7-8D92759DB2F1}.Debug|Any CPU.Build.0 = Debug|Any CPU
		{B54C322E-15EB-465C-82A7-8D92759DB2F1}.Release|Any CPU.ActiveCfg = Release|Any CPU
		{B54C322E-15EB-465C-82A7-8D92759DB2F1}.Release|Any CPU.Build.0 = Release|Any CPU
		{48DB843F-DF61-40C1-8C8E-B4F0DA91C85A}.Debug|Any CPU.ActiveCfg = Debug|Any CPU
		{48DB843F-DF61-40C1-8C8E-B4F0DA91C85A}.Debug|Any CPU.Build.0 = Debug|Any CPU
		{48DB843F-DF61-40C1-8C8E-B4F0DA91C85A}.Release|Any CPU.ActiveCfg = Release|Any CPU
		{48DB843F-DF61-40C1-8C8E-B4F0DA91C85A}.Release|Any CPU.Build.0 = Release|Any CPU
		{73E1E2D5-1099-4144-9648-92960F99F5C8}.Debug|Any CPU.ActiveCfg = Debug|Any CPU
		{73E1E2D5-1099-4144-9648-92960F99F5C8}.Debug|Any CPU.Build.0 = Debug|Any CPU
		{73E1E2D5-1099-4144-9648-92960F99F5C8}.Release|Any CPU.ActiveCfg = Release|Any CPU
		{73E1E2D5-1099-4144-9648-92960F99F5C8}.Release|Any CPU.Build.0 = Release|Any CPU
		{FF30BEF4-BD1E-4D20-AA6F-14CB3B8A5996}.Debug|Any CPU.ActiveCfg = Debug|Any CPU
		{FF30BEF4-BD1E-4D20-AA6F-14CB3B8A5996}.Debug|Any CPU.Build.0 = Debug|Any CPU
		{FF30BEF4-BD1E-4D20-AA6F-14CB3B8A5996}.Release|Any CPU.ActiveCfg = Release|Any CPU
		{FF30BEF4-BD1E-4D20-AA6F-14CB3B8A5996}.Release|Any CPU.Build.0 = Release|Any CPU
		{F36A1399-767C-404C-86D8-632D54288750}.Debug|Any CPU.ActiveCfg = Debug|Any CPU
		{F36A1399-767C-404C-86D8-632D54288750}.Debug|Any CPU.Build.0 = Debug|Any CPU
		{F36A1399-767C-404C-86D8-632D54288750}.Release|Any CPU.ActiveCfg = Release|Any CPU
		{F36A1399-767C-404C-86D8-632D54288750}.Release|Any CPU.Build.0 = Release|Any CPU
		{B8D3A160-1D78-49BF-A27A-D859B7E695AA}.Debug|Any CPU.ActiveCfg = Debug|Any CPU
		{B8D3A160-1D78-49BF-A27A-D859B7E695AA}.Debug|Any CPU.Build.0 = Debug|Any CPU
		{B8D3A160-1D78-49BF-A27A-D859B7E695AA}.Release|Any CPU.ActiveCfg = Release|Any CPU
		{B8D3A160-1D78-49BF-A27A-D859B7E695AA}.Release|Any CPU.Build.0 = Release|Any CPU
		{D057681C-68CC-4C45-89BA-0A0AEE75D1EA}.Debug|Any CPU.ActiveCfg = Debug|Any CPU
		{D057681C-68CC-4C45-89BA-0A0AEE75D1EA}.Debug|Any CPU.Build.0 = Debug|Any CPU
		{D057681C-68CC-4C45-89BA-0A0AEE75D1EA}.Release|Any CPU.ActiveCfg = Release|Any CPU
		{D057681C-68CC-4C45-89BA-0A0AEE75D1EA}.Release|Any CPU.Build.0 = Release|Any CPU
		{76CF042D-5F77-44FC-ABDF-0C5718E77BFF}.Debug|Any CPU.ActiveCfg = Debug|Any CPU
		{76CF042D-5F77-44FC-ABDF-0C5718E77BFF}.Debug|Any CPU.Build.0 = Debug|Any CPU
		{76CF042D-5F77-44FC-ABDF-0C5718E77BFF}.Release|Any CPU.ActiveCfg = Release|Any CPU
		{76CF042D-5F77-44FC-ABDF-0C5718E77BFF}.Release|Any CPU.Build.0 = Release|Any CPU
		{E34441AE-6D23-4722-87EA-8247C820D2E3}.Debug|Any CPU.ActiveCfg = Debug|Any CPU
		{E34441AE-6D23-4722-87EA-8247C820D2E3}.Debug|Any CPU.Build.0 = Debug|Any CPU
		{E34441AE-6D23-4722-87EA-8247C820D2E3}.Release|Any CPU.ActiveCfg = Release|Any CPU
		{E34441AE-6D23-4722-87EA-8247C820D2E3}.Release|Any CPU.Build.0 = Release|Any CPU
		{ECE7740C-E4C6-433F-B829-DB16BC238527}.Debug|Any CPU.ActiveCfg = Debug|Any CPU
		{ECE7740C-E4C6-433F-B829-DB16BC238527}.Debug|Any CPU.Build.0 = Debug|Any CPU
		{ECE7740C-E4C6-433F-B829-DB16BC238527}.Release|Any CPU.ActiveCfg = Release|Any CPU
		{ECE7740C-E4C6-433F-B829-DB16BC238527}.Release|Any CPU.Build.0 = Release|Any CPU
		{6559D314-04BF-455B-AB09-E18449C58589}.Debug|Any CPU.ActiveCfg = Debug|Any CPU
		{6559D314-04BF-455B-AB09-E18449C58589}.Debug|Any CPU.Build.0 = Debug|Any CPU
		{6559D314-04BF-455B-AB09-E18449C58589}.Release|Any CPU.ActiveCfg = Release|Any CPU
		{6559D314-04BF-455B-AB09-E18449C58589}.Release|Any CPU.Build.0 = Release|Any CPU
		{51D58D45-64DE-4388-8735-2744EB0CE320}.Debug|Any CPU.ActiveCfg = Debug|Any CPU
		{51D58D45-64DE-4388-8735-2744EB0CE320}.Debug|Any CPU.Build.0 = Debug|Any CPU
		{51D58D45-64DE-4388-8735-2744EB0CE320}.Release|Any CPU.ActiveCfg = Release|Any CPU
		{51D58D45-64DE-4388-8735-2744EB0CE320}.Release|Any CPU.Build.0 = Release|Any CPU
		{977FF0C4-DF1C-4CF0-977A-3B2F8F7C1D29}.Debug|Any CPU.ActiveCfg = Debug|Any CPU
		{977FF0C4-DF1C-4CF0-977A-3B2F8F7C1D29}.Debug|Any CPU.Build.0 = Debug|Any CPU
		{977FF0C4-DF1C-4CF0-977A-3B2F8F7C1D29}.Release|Any CPU.ActiveCfg = Release|Any CPU
		{977FF0C4-DF1C-4CF0-977A-3B2F8F7C1D29}.Release|Any CPU.Build.0 = Release|Any CPU
		{B4B30D01-F97A-403E-A2A1-D211334EDF88}.Debug|Any CPU.ActiveCfg = Debug|Any CPU
		{B4B30D01-F97A-403E-A2A1-D211334EDF88}.Debug|Any CPU.Build.0 = Debug|Any CPU
		{B4B30D01-F97A-403E-A2A1-D211334EDF88}.Release|Any CPU.ActiveCfg = Release|Any CPU
		{B4B30D01-F97A-403E-A2A1-D211334EDF88}.Release|Any CPU.Build.0 = Release|Any CPU
		{11E517D9-DF9D-4199-BF97-F7765F9C5600}.Debug|Any CPU.ActiveCfg = Debug|Any CPU
		{11E517D9-DF9D-4199-BF97-F7765F9C5600}.Debug|Any CPU.Build.0 = Debug|Any CPU
		{11E517D9-DF9D-4199-BF97-F7765F9C5600}.Release|Any CPU.ActiveCfg = Release|Any CPU
		{11E517D9-DF9D-4199-BF97-F7765F9C5600}.Release|Any CPU.Build.0 = Release|Any CPU
		{91BC9C95-6FCE-4D75-92C1-A20377538FBD}.Debug|Any CPU.ActiveCfg = Debug|Any CPU
		{91BC9C95-6FCE-4D75-92C1-A20377538FBD}.Debug|Any CPU.Build.0 = Debug|Any CPU
		{91BC9C95-6FCE-4D75-92C1-A20377538FBD}.Release|Any CPU.ActiveCfg = Release|Any CPU
		{91BC9C95-6FCE-4D75-92C1-A20377538FBD}.Release|Any CPU.Build.0 = Release|Any CPU
		{200F75C1-FCFA-458C-98A2-533C78EEFE54}.Debug|Any CPU.ActiveCfg = Debug|Any CPU
		{200F75C1-FCFA-458C-98A2-533C78EEFE54}.Debug|Any CPU.Build.0 = Debug|Any CPU
		{200F75C1-FCFA-458C-98A2-533C78EEFE54}.Release|Any CPU.ActiveCfg = Release|Any CPU
		{200F75C1-FCFA-458C-98A2-533C78EEFE54}.Release|Any CPU.Build.0 = Release|Any CPU
		{E71A44C8-8048-4684-8510-E1386A2029E5}.Debug|Any CPU.ActiveCfg = Debug|Any CPU
		{E71A44C8-8048-4684-8510-E1386A2029E5}.Debug|Any CPU.Build.0 = Debug|Any CPU
		{E71A44C8-8048-4684-8510-E1386A2029E5}.Release|Any CPU.ActiveCfg = Release|Any CPU
		{E71A44C8-8048-4684-8510-E1386A2029E5}.Release|Any CPU.Build.0 = Release|Any CPU
		{340F6AA2-7B35-4664-967F-E837460AA9BD}.Debug|Any CPU.ActiveCfg = Debug|Any CPU
		{340F6AA2-7B35-4664-967F-E837460AA9BD}.Debug|Any CPU.Build.0 = Debug|Any CPU
		{340F6AA2-7B35-4664-967F-E837460AA9BD}.Release|Any CPU.ActiveCfg = Release|Any CPU
		{340F6AA2-7B35-4664-967F-E837460AA9BD}.Release|Any CPU.Build.0 = Release|Any CPU
		{8B4FDB5D-5A8E-4D6E-AC4B-5292169BDAAD}.Debug|Any CPU.ActiveCfg = Debug|Any CPU
		{8B4FDB5D-5A8E-4D6E-AC4B-5292169BDAAD}.Debug|Any CPU.Build.0 = Debug|Any CPU
		{8B4FDB5D-5A8E-4D6E-AC4B-5292169BDAAD}.Release|Any CPU.ActiveCfg = Release|Any CPU
		{8B4FDB5D-5A8E-4D6E-AC4B-5292169BDAAD}.Release|Any CPU.Build.0 = Release|Any CPU
		{4DB00F28-3B41-47D8-B054-2FC7FC6D68F3}.Debug|Any CPU.ActiveCfg = Debug|Any CPU
		{4DB00F28-3B41-47D8-B054-2FC7FC6D68F3}.Debug|Any CPU.Build.0 = Debug|Any CPU
		{4DB00F28-3B41-47D8-B054-2FC7FC6D68F3}.Release|Any CPU.ActiveCfg = Release|Any CPU
		{4DB00F28-3B41-47D8-B054-2FC7FC6D68F3}.Release|Any CPU.Build.0 = Release|Any CPU
		{1F1C01D0-6C19-42D3-82E5-5E0530E069A4}.Debug|Any CPU.ActiveCfg = Debug|Any CPU
		{1F1C01D0-6C19-42D3-82E5-5E0530E069A4}.Debug|Any CPU.Build.0 = Debug|Any CPU
		{1F1C01D0-6C19-42D3-82E5-5E0530E069A4}.Release|Any CPU.ActiveCfg = Release|Any CPU
		{1F1C01D0-6C19-42D3-82E5-5E0530E069A4}.Release|Any CPU.Build.0 = Release|Any CPU
		{AFA4500A-8282-42C5-B22F-BA6ECCD9D5E7}.Debug|Any CPU.ActiveCfg = Debug|Any CPU
		{AFA4500A-8282-42C5-B22F-BA6ECCD9D5E7}.Debug|Any CPU.Build.0 = Debug|Any CPU
		{AFA4500A-8282-42C5-B22F-BA6ECCD9D5E7}.Release|Any CPU.ActiveCfg = Release|Any CPU
		{AFA4500A-8282-42C5-B22F-BA6ECCD9D5E7}.Release|Any CPU.Build.0 = Release|Any CPU
		{D2858931-74E5-4943-9F46-E207318C9592}.Debug|Any CPU.ActiveCfg = Debug|Any CPU
		{D2858931-74E5-4943-9F46-E207318C9592}.Debug|Any CPU.Build.0 = Debug|Any CPU
		{D2858931-74E5-4943-9F46-E207318C9592}.Release|Any CPU.ActiveCfg = Release|Any CPU
		{D2858931-74E5-4943-9F46-E207318C9592}.Release|Any CPU.Build.0 = Release|Any CPU
		{64FE269D-5C76-4FE3-AF69-9A004D99AFAB}.Debug|Any CPU.ActiveCfg = Debug|Any CPU
		{64FE269D-5C76-4FE3-AF69-9A004D99AFAB}.Debug|Any CPU.Build.0 = Debug|Any CPU
		{64FE269D-5C76-4FE3-AF69-9A004D99AFAB}.Release|Any CPU.ActiveCfg = Release|Any CPU
		{64FE269D-5C76-4FE3-AF69-9A004D99AFAB}.Release|Any CPU.Build.0 = Release|Any CPU
		{5AE3A210-AB4B-41C7-8AD2-91DF8ADBFB79}.Debug|Any CPU.ActiveCfg = Debug|Any CPU
		{5AE3A210-AB4B-41C7-8AD2-91DF8ADBFB79}.Debug|Any CPU.Build.0 = Debug|Any CPU
		{5AE3A210-AB4B-41C7-8AD2-91DF8ADBFB79}.Release|Any CPU.ActiveCfg = Release|Any CPU
		{5AE3A210-AB4B-41C7-8AD2-91DF8ADBFB79}.Release|Any CPU.Build.0 = Release|Any CPU
		{C490A400-5185-440C-9427-A793CA7A8840}.Debug|Any CPU.ActiveCfg = Debug|Any CPU
		{C490A400-5185-440C-9427-A793CA7A8840}.Debug|Any CPU.Build.0 = Debug|Any CPU
		{C490A400-5185-440C-9427-A793CA7A8840}.Release|Any CPU.ActiveCfg = Release|Any CPU
		{C490A400-5185-440C-9427-A793CA7A8840}.Release|Any CPU.Build.0 = Release|Any CPU
	EndGlobalSection
	GlobalSection(SolutionProperties) = preSolution
		HideSolutionNode = FALSE
	EndGlobalSection
	GlobalSection(NestedProjects) = preSolution
		{B54C322E-15EB-465C-82A7-8D92759DB2F1} = {F2134956-968B-4912-A4C2-288917713688}
		{48DB843F-DF61-40C1-8C8E-B4F0DA91C85A} = {F2134956-968B-4912-A4C2-288917713688}
		{73E1E2D5-1099-4144-9648-92960F99F5C8} = {9F455D72-1FDB-4969-89EF-9A3CEB74FC93}
		{FF30BEF4-BD1E-4D20-AA6F-14CB3B8A5996} = {9F455D72-1FDB-4969-89EF-9A3CEB74FC93}
		{F36A1399-767C-404C-86D8-632D54288750} = {D2146907-E847-4B93-96CD-6DC875D90703}
		{B8D3A160-1D78-49BF-A27A-D859B7E695AA} = {F4570D1F-DF2A-4F53-AF59-6C2CCB246144}
		{D057681C-68CC-4C45-89BA-0A0AEE75D1EA} = {3C7A3739-DFB0-4F98-9909-4FBD05A35E26}
		{76CF042D-5F77-44FC-ABDF-0C5718E77BFF} = {7F6A6246-D98E-484F-AE12-351FB37863FC}
		{E34441AE-6D23-4722-87EA-8247C820D2E3} = {7F6A6246-D98E-484F-AE12-351FB37863FC}
		{ECE7740C-E4C6-433F-B829-DB16BC238527} = {4D30E6F0-C81A-4340-81AE-B013764A2612}
		{6559D314-04BF-455B-AB09-E18449C58589} = {142DAC3D-81C2-4F9B-9C6B-799034C02ABE}
		{51D58D45-64DE-4388-8735-2744EB0CE320} = {142DAC3D-81C2-4F9B-9C6B-799034C02ABE}
		{977FF0C4-DF1C-4CF0-977A-3B2F8F7C1D29} = {9F455D72-1FDB-4969-89EF-9A3CEB74FC93}
		{B4B30D01-F97A-403E-A2A1-D211334EDF88} = {F2134956-968B-4912-A4C2-288917713688}
		{9F455D72-1FDB-4969-89EF-9A3CEB74FC93} = {B79142DD-2167-49CF-88CD-7E6A886F0B0F}
		{F2134956-968B-4912-A4C2-288917713688} = {B79142DD-2167-49CF-88CD-7E6A886F0B0F}
		{11E517D9-DF9D-4199-BF97-F7765F9C5600} = {7F6A6246-D98E-484F-AE12-351FB37863FC}
		{91BC9C95-6FCE-4D75-92C1-A20377538FBD} = {7F6A6246-D98E-484F-AE12-351FB37863FC}
		{200F75C1-FCFA-458C-98A2-533C78EEFE54} = {3C7A3739-DFB0-4F98-9909-4FBD05A35E26}
		{E71A44C8-8048-4684-8510-E1386A2029E5} = {F4570D1F-DF2A-4F53-AF59-6C2CCB246144}
		{340F6AA2-7B35-4664-967F-E837460AA9BD} = {D2146907-E847-4B93-96CD-6DC875D90703}
		{8B4FDB5D-5A8E-4D6E-AC4B-5292169BDAAD} = {4D30E6F0-C81A-4340-81AE-B013764A2612}
		{4DB00F28-3B41-47D8-B054-2FC7FC6D68F3} = {142DAC3D-81C2-4F9B-9C6B-799034C02ABE}
		{1F1C01D0-6C19-42D3-82E5-5E0530E069A4} = {3C7A3739-DFB0-4F98-9909-4FBD05A35E26}
		{AFA4500A-8282-42C5-B22F-BA6ECCD9D5E7} = {3C7A3739-DFB0-4F98-9909-4FBD05A35E26}
		{D2858931-74E5-4943-9F46-E207318C9592} = {4D30E6F0-C81A-4340-81AE-B013764A2612}
		{64FE269D-5C76-4FE3-AF69-9A004D99AFAB} = {142DAC3D-81C2-4F9B-9C6B-799034C02ABE}
		{5AE3A210-AB4B-41C7-8AD2-91DF8ADBFB79} = {142DAC3D-81C2-4F9B-9C6B-799034C02ABE}
		{C490A400-5185-440C-9427-A793CA7A8840} = {4D30E6F0-C81A-4340-81AE-B013764A2612}
		{D2146907-E847-4B93-96CD-6DC875D90703} = {B79142DD-2167-49CF-88CD-7E6A886F0B0F}
		{F4570D1F-DF2A-4F53-AF59-6C2CCB246144} = {B79142DD-2167-49CF-88CD-7E6A886F0B0F}
	EndGlobalSection
	GlobalSection(ExtensibilityGlobals) = postSolution
		SolutionGuid = {83C552C3-FA11-4510-8F9F-B6BC1641E4A2}
	EndGlobalSection
EndGlobal
